// !$*UTF8*$!
{
	archiveVersion = 1;
	classes = {
	};
	objectVersion = 48;
	objects = {

/* Begin PBXBuildFile section */
		638825F32014C3CE00CC6E83 /* RadianConstants.swift in Sources */ = {isa = PBXBuildFile; fileRef = 638825F22014C3CE00CC6E83 /* RadianConstants.swift */; };
		638825FB2014C44D00CC6E83 /* RadianConstantsTests.swift in Sources */ = {isa = PBXBuildFile; fileRef = 638825FA2014C44D00CC6E83 /* RadianConstantsTests.swift */; };
		63D2D3872013D9E8007011BD /* DLAngle.framework in Frameworks */ = {isa = PBXBuildFile; fileRef = 63D2D37D2013D9E8007011BD /* DLAngle.framework */; };
		63D2D38E2013D9E8007011BD /* DLAngle.h in Headers */ = {isa = PBXBuildFile; fileRef = 63D2D3802013D9E8007011BD /* DLAngle.h */; settings = {ATTRIBUTES = (Public, ); }; };
		63D2D3B22013DB34007011BD /* ArgumentsChecker.swift in Sources */ = {isa = PBXBuildFile; fileRef = 63D2D3982013DB34007011BD /* ArgumentsChecker.swift */; };
		63D2D3B32013DB34007011BD /* Atan2ArgumentsChecker.swift in Sources */ = {isa = PBXBuildFile; fileRef = 63D2D3992013DB34007011BD /* Atan2ArgumentsChecker.swift */; };
		63D2D3B42013DB34007011BD /* IntervalType.swift in Sources */ = {isa = PBXBuildFile; fileRef = 63D2D39A2013DB34007011BD /* IntervalType.swift */; };
		63D2D3B52013DB34007011BD /* Predicate.swift in Sources */ = {isa = PBXBuildFile; fileRef = 63D2D39B2013DB34007011BD /* Predicate.swift */; };
		63D2D3B62013DB34007011BD /* TrigonometricArgumentsChecker.swift in Sources */ = {isa = PBXBuildFile; fileRef = 63D2D39C2013DB34007011BD /* TrigonometricArgumentsChecker.swift */; };
		63D2D3B72013DB34007011BD /* TrigonometricError.swift in Sources */ = {isa = PBXBuildFile; fileRef = 63D2D39D2013DB34007011BD /* TrigonometricError.swift */; };
		63D2D3B82013DB34007011BD /* TrigonometricFunction.swift in Sources */ = {isa = PBXBuildFile; fileRef = 63D2D39E2013DB34007011BD /* TrigonometricFunction.swift */; };
		63D2D3B92013DB34007011BD /* Angle.swift in Sources */ = {isa = PBXBuildFile; fileRef = 63D2D3A02013DB34007011BD /* Angle.swift */; };
		63D2D3BA2013DB34007011BD /* Degree+Measurement.swift in Sources */ = {isa = PBXBuildFile; fileRef = 63D2D3A12013DB34007011BD /* Degree+Measurement.swift */; };
		63D2D3BB2013DB34007011BD /* Degree.swift in Sources */ = {isa = PBXBuildFile; fileRef = 63D2D3A22013DB34007011BD /* Degree.swift */; };
		63D2D3BC2013DB34007011BD /* NormalizedType.swift in Sources */ = {isa = PBXBuildFile; fileRef = 63D2D3A32013DB34007011BD /* NormalizedType.swift */; };
		63D2D3BD2013DB34007011BD /* Radian+HyperbolicTrigonometricFunctions.swift in Sources */ = {isa = PBXBuildFile; fileRef = 63D2D3A42013DB34007011BD /* Radian+HyperbolicTrigonometricFunctions.swift */; };
		63D2D3BE2013DB34007011BD /* Radian+InverseHyperbolicTrigonometricFunctions.swift in Sources */ = {isa = PBXBuildFile; fileRef = 63D2D3A52013DB34007011BD /* Radian+InverseHyperbolicTrigonometricFunctions.swift */; };
		63D2D3BF2013DB34007011BD /* Radian+InverseTrigonometricFunctions.swift in Sources */ = {isa = PBXBuildFile; fileRef = 63D2D3A62013DB34007011BD /* Radian+InverseTrigonometricFunctions.swift */; };
		63D2D3C02013DB34007011BD /* Radian+Measument.swift in Sources */ = {isa = PBXBuildFile; fileRef = 63D2D3A72013DB34007011BD /* Radian+Measument.swift */; };
		63D2D3C12013DB34007011BD /* Radian+TrigonometricFunctions.swift in Sources */ = {isa = PBXBuildFile; fileRef = 63D2D3A82013DB34007011BD /* Radian+TrigonometricFunctions.swift */; };
		63D2D3C22013DB34007011BD /* Radian.swift in Sources */ = {isa = PBXBuildFile; fileRef = 63D2D3A92013DB34007011BD /* Radian.swift */; };
		63D2D3C32013DB34007011BD /* GenericTrigonometry.swift in Sources */ = {isa = PBXBuildFile; fileRef = 63D2D3AB2013DB34007011BD /* GenericTrigonometry.swift */; };
		63D2D3C42013DB34007011BD /* Trigonometry+HyperbolicTrigonometricFunctions.swift in Sources */ = {isa = PBXBuildFile; fileRef = 63D2D3AC2013DB34007011BD /* Trigonometry+HyperbolicTrigonometricFunctions.swift */; };
		63D2D3C52013DB34007011BD /* Trigonometry+InverseHyperbolicTrigonometricFunctions.swift in Sources */ = {isa = PBXBuildFile; fileRef = 63D2D3AD2013DB34007011BD /* Trigonometry+InverseHyperbolicTrigonometricFunctions.swift */; };
		63D2D3C62013DB34007011BD /* Trigonometry+InverseTrigonometricFunctions.swift in Sources */ = {isa = PBXBuildFile; fileRef = 63D2D3AE2013DB34007011BD /* Trigonometry+InverseTrigonometricFunctions.swift */; };
		63D2D3C72013DB34007011BD /* Trigonometry+TrigonometricFunctions.swift in Sources */ = {isa = PBXBuildFile; fileRef = 63D2D3AF2013DB34007011BD /* Trigonometry+TrigonometricFunctions.swift */; };
		63D2D3C82013DB34007011BD /* Trigonometry+Validation.swift in Sources */ = {isa = PBXBuildFile; fileRef = 63D2D3B02013DB34007011BD /* Trigonometry+Validation.swift */; };
		63D2D3C92013DB34007011BD /* Trigonometry.swift in Sources */ = {isa = PBXBuildFile; fileRef = 63D2D3B12013DB34007011BD /* Trigonometry.swift */; };
		63D2D3E62013DB40007011BD /* CGFloat+FrameworkExtension.swift in Sources */ = {isa = PBXBuildFile; fileRef = 63D2D3CB2013DB40007011BD /* CGFloat+FrameworkExtension.swift */; };
		63D2D3E72013DB40007011BD /* Double+FrameworkExtension.swift in Sources */ = {isa = PBXBuildFile; fileRef = 63D2D3CC2013DB40007011BD /* Double+FrameworkExtension.swift */; };
		63D2D3E82013DB40007011BD /* Float+FrameworkExtension.swift in Sources */ = {isa = PBXBuildFile; fileRef = 63D2D3CD2013DB40007011BD /* Float+FrameworkExtension.swift */; };
		63D2D3E92013DB40007011BD /* XCTest+FrameworkExtension.swift in Sources */ = {isa = PBXBuildFile; fileRef = 63D2D3CE2013DB40007011BD /* XCTest+FrameworkExtension.swift */; };
		63D2D3EA2013DB40007011BD /* ArgumentsCheckerTests.swift in Sources */ = {isa = PBXBuildFile; fileRef = 63D2D3D02013DB40007011BD /* ArgumentsCheckerTests.swift */; };
		63D2D3EB2013DB40007011BD /* Atan2ArgumentsCheckerTests.swift in Sources */ = {isa = PBXBuildFile; fileRef = 63D2D3D12013DB40007011BD /* Atan2ArgumentsCheckerTests.swift */; };
		63D2D3EC2013DB40007011BD /* PredicateTests.swift in Sources */ = {isa = PBXBuildFile; fileRef = 63D2D3D22013DB40007011BD /* PredicateTests.swift */; };
		63D2D3ED2013DB40007011BD /* TrigonometricArgumentsCheckerTests.swift in Sources */ = {isa = PBXBuildFile; fileRef = 63D2D3D32013DB40007011BD /* TrigonometricArgumentsCheckerTests.swift */; };
		63D2D3EE2013DB40007011BD /* GenericTrigonometryTests.swift in Sources */ = {isa = PBXBuildFile; fileRef = 63D2D3D52013DB40007011BD /* GenericTrigonometryTests.swift */; };
		63D2D3EF2013DB40007011BD /* InverseHyperbolicTrigonometricTests.swift in Sources */ = {isa = PBXBuildFile; fileRef = 63D2D3D62013DB40007011BD /* InverseHyperbolicTrigonometricTests.swift */; };
		63D2D3F02013DB40007011BD /* InverseTrigonometricTests.swift in Sources */ = {isa = PBXBuildFile; fileRef = 63D2D3D72013DB40007011BD /* InverseTrigonometricTests.swift */; };
		63D2D3F12013DB40007011BD /* RadianHyperbolicTrigonometricTests.swift in Sources */ = {isa = PBXBuildFile; fileRef = 63D2D3D82013DB40007011BD /* RadianHyperbolicTrigonometricTests.swift */; };
		63D2D3F22013DB40007011BD /* RadianInverseHTrigonometricTests.swift in Sources */ = {isa = PBXBuildFile; fileRef = 63D2D3D92013DB40007011BD /* RadianInverseHTrigonometricTests.swift */; };
		63D2D3F32013DB40007011BD /* RadianInverseHTrigonometricTests2.swift in Sources */ = {isa = PBXBuildFile; fileRef = 63D2D3DA2013DB40007011BD /* RadianInverseHTrigonometricTests2.swift */; };
		63D2D3F42013DB40007011BD /* RadianInverseTrigonometricTests.swift in Sources */ = {isa = PBXBuildFile; fileRef = 63D2D3DB2013DB40007011BD /* RadianInverseTrigonometricTests.swift */; };
		63D2D3F52013DB40007011BD /* RadianInverseTrigonometricTests2.swift in Sources */ = {isa = PBXBuildFile; fileRef = 63D2D3DC2013DB40007011BD /* RadianInverseTrigonometricTests2.swift */; };
		63D2D3F62013DB40007011BD /* RadianTrigonometricTests.swift in Sources */ = {isa = PBXBuildFile; fileRef = 63D2D3DD2013DB40007011BD /* RadianTrigonometricTests.swift */; };
		63D2D3F72013DB40007011BD /* RadianTrigonometricTests2.swift in Sources */ = {isa = PBXBuildFile; fileRef = 63D2D3DE2013DB40007011BD /* RadianTrigonometricTests2.swift */; };
		63D2D3F82013DB40007011BD /* TrigonometricConstants.swift in Sources */ = {isa = PBXBuildFile; fileRef = 63D2D3DF2013DB40007011BD /* TrigonometricConstants.swift */; };
		63D2D3F92013DB40007011BD /* AngleTests.swift in Sources */ = {isa = PBXBuildFile; fileRef = 63D2D3E12013DB40007011BD /* AngleTests.swift */; };
		63D2D3FA2013DB40007011BD /* DegreeMeasurementTests.swift in Sources */ = {isa = PBXBuildFile; fileRef = 63D2D3E22013DB40007011BD /* DegreeMeasurementTests.swift */; };
		63D2D3FB2013DB40007011BD /* DegreeTests.swift in Sources */ = {isa = PBXBuildFile; fileRef = 63D2D3E32013DB40007011BD /* DegreeTests.swift */; };
		63D2D3FC2013DB40007011BD /* RadianMeasurementTests.swift in Sources */ = {isa = PBXBuildFile; fileRef = 63D2D3E42013DB40007011BD /* RadianMeasurementTests.swift */; };
		63D2D3FD2013DB40007011BD /* RadianTests.swift in Sources */ = {isa = PBXBuildFile; fileRef = 63D2D3E52013DB40007011BD /* RadianTests.swift */; };
		63D2D4E42013E300007011BD /* DLInterval.framework in Frameworks */ = {isa = PBXBuildFile; fileRef = 63D2D4E32013E300007011BD /* DLInterval.framework */; };
		63D2D4E52013E41B007011BD /* DLInterval.framework in Frameworks */ = {isa = PBXBuildFile; fileRef = 63D2D4E32013E300007011BD /* DLInterval.framework */; };
/* End PBXBuildFile section */

/* Begin PBXContainerItemProxy section */
		63D2D3882013D9E8007011BD /* PBXContainerItemProxy */ = {
			isa = PBXContainerItemProxy;
			containerPortal = 63D2D3742013D9E8007011BD /* Project object */;
			proxyType = 1;
			remoteGlobalIDString = 63D2D37C2013D9E8007011BD;
			remoteInfo = DLAngle;
		};
/* End PBXContainerItemProxy section */

/* Begin PBXFileReference section */
		638825F22014C3CE00CC6E83 /* RadianConstants.swift */ = {isa = PBXFileReference; lastKnownFileType = sourcecode.swift; path = RadianConstants.swift; sourceTree = "<group>"; };
		638825FA2014C44D00CC6E83 /* RadianConstantsTests.swift */ = {isa = PBXFileReference; lastKnownFileType = sourcecode.swift; path = RadianConstantsTests.swift; sourceTree = "<group>"; };
		63D2D37D2013D9E8007011BD /* DLAngle.framework */ = {isa = PBXFileReference; explicitFileType = wrapper.framework; includeInIndex = 0; path = DLAngle.framework; sourceTree = BUILT_PRODUCTS_DIR; };
		63D2D3802013D9E8007011BD /* DLAngle.h */ = {isa = PBXFileReference; lastKnownFileType = sourcecode.c.h; path = DLAngle.h; sourceTree = "<group>"; };
		63D2D3812013D9E8007011BD /* Info.plist */ = {isa = PBXFileReference; lastKnownFileType = text.plist.xml; path = Info.plist; sourceTree = "<group>"; };
		63D2D3862013D9E8007011BD /* DLAngleTests.xctest */ = {isa = PBXFileReference; explicitFileType = wrapper.cfbundle; includeInIndex = 0; path = DLAngleTests.xctest; sourceTree = BUILT_PRODUCTS_DIR; };
		63D2D38D2013D9E8007011BD /* Info.plist */ = {isa = PBXFileReference; lastKnownFileType = text.plist.xml; path = Info.plist; sourceTree = "<group>"; };
		63D2D3982013DB34007011BD /* ArgumentsChecker.swift */ = {isa = PBXFileReference; fileEncoding = 4; lastKnownFileType = sourcecode.swift; path = ArgumentsChecker.swift; sourceTree = "<group>"; };
		63D2D3992013DB34007011BD /* Atan2ArgumentsChecker.swift */ = {isa = PBXFileReference; fileEncoding = 4; lastKnownFileType = sourcecode.swift; path = Atan2ArgumentsChecker.swift; sourceTree = "<group>"; };
		63D2D39A2013DB34007011BD /* IntervalType.swift */ = {isa = PBXFileReference; fileEncoding = 4; lastKnownFileType = sourcecode.swift; path = IntervalType.swift; sourceTree = "<group>"; };
		63D2D39B2013DB34007011BD /* Predicate.swift */ = {isa = PBXFileReference; fileEncoding = 4; lastKnownFileType = sourcecode.swift; path = Predicate.swift; sourceTree = "<group>"; };
		63D2D39C2013DB34007011BD /* TrigonometricArgumentsChecker.swift */ = {isa = PBXFileReference; fileEncoding = 4; lastKnownFileType = sourcecode.swift; path = TrigonometricArgumentsChecker.swift; sourceTree = "<group>"; };
		63D2D39D2013DB34007011BD /* TrigonometricError.swift */ = {isa = PBXFileReference; fileEncoding = 4; lastKnownFileType = sourcecode.swift; path = TrigonometricError.swift; sourceTree = "<group>"; };
		63D2D39E2013DB34007011BD /* TrigonometricFunction.swift */ = {isa = PBXFileReference; fileEncoding = 4; lastKnownFileType = sourcecode.swift; path = TrigonometricFunction.swift; sourceTree = "<group>"; };
		63D2D3A02013DB34007011BD /* Angle.swift */ = {isa = PBXFileReference; fileEncoding = 4; lastKnownFileType = sourcecode.swift; path = Angle.swift; sourceTree = "<group>"; };
		63D2D3A12013DB34007011BD /* Degree+Measurement.swift */ = {isa = PBXFileReference; fileEncoding = 4; lastKnownFileType = sourcecode.swift; path = "Degree+Measurement.swift"; sourceTree = "<group>"; };
		63D2D3A22013DB34007011BD /* Degree.swift */ = {isa = PBXFileReference; fileEncoding = 4; lastKnownFileType = sourcecode.swift; path = Degree.swift; sourceTree = "<group>"; };
		63D2D3A32013DB34007011BD /* NormalizedType.swift */ = {isa = PBXFileReference; fileEncoding = 4; lastKnownFileType = sourcecode.swift; path = NormalizedType.swift; sourceTree = "<group>"; };
		63D2D3A42013DB34007011BD /* Radian+HyperbolicTrigonometricFunctions.swift */ = {isa = PBXFileReference; fileEncoding = 4; lastKnownFileType = sourcecode.swift; path = "Radian+HyperbolicTrigonometricFunctions.swift"; sourceTree = "<group>"; };
		63D2D3A52013DB34007011BD /* Radian+InverseHyperbolicTrigonometricFunctions.swift */ = {isa = PBXFileReference; fileEncoding = 4; lastKnownFileType = sourcecode.swift; path = "Radian+InverseHyperbolicTrigonometricFunctions.swift"; sourceTree = "<group>"; };
		63D2D3A62013DB34007011BD /* Radian+InverseTrigonometricFunctions.swift */ = {isa = PBXFileReference; fileEncoding = 4; lastKnownFileType = sourcecode.swift; path = "Radian+InverseTrigonometricFunctions.swift"; sourceTree = "<group>"; };
		63D2D3A72013DB34007011BD /* Radian+Measument.swift */ = {isa = PBXFileReference; fileEncoding = 4; lastKnownFileType = sourcecode.swift; path = "Radian+Measument.swift"; sourceTree = "<group>"; };
		63D2D3A82013DB34007011BD /* Radian+TrigonometricFunctions.swift */ = {isa = PBXFileReference; fileEncoding = 4; lastKnownFileType = sourcecode.swift; path = "Radian+TrigonometricFunctions.swift"; sourceTree = "<group>"; };
		63D2D3A92013DB34007011BD /* Radian.swift */ = {isa = PBXFileReference; fileEncoding = 4; lastKnownFileType = sourcecode.swift; path = Radian.swift; sourceTree = "<group>"; };
		63D2D3AB2013DB34007011BD /* GenericTrigonometry.swift */ = {isa = PBXFileReference; fileEncoding = 4; lastKnownFileType = sourcecode.swift; path = GenericTrigonometry.swift; sourceTree = "<group>"; };
		63D2D3AC2013DB34007011BD /* Trigonometry+HyperbolicTrigonometricFunctions.swift */ = {isa = PBXFileReference; fileEncoding = 4; lastKnownFileType = sourcecode.swift; path = "Trigonometry+HyperbolicTrigonometricFunctions.swift"; sourceTree = "<group>"; };
		63D2D3AD2013DB34007011BD /* Trigonometry+InverseHyperbolicTrigonometricFunctions.swift */ = {isa = PBXFileReference; fileEncoding = 4; lastKnownFileType = sourcecode.swift; path = "Trigonometry+InverseHyperbolicTrigonometricFunctions.swift"; sourceTree = "<group>"; };
		63D2D3AE2013DB34007011BD /* Trigonometry+InverseTrigonometricFunctions.swift */ = {isa = PBXFileReference; fileEncoding = 4; lastKnownFileType = sourcecode.swift; path = "Trigonometry+InverseTrigonometricFunctions.swift"; sourceTree = "<group>"; };
		63D2D3AF2013DB34007011BD /* Trigonometry+TrigonometricFunctions.swift */ = {isa = PBXFileReference; fileEncoding = 4; lastKnownFileType = sourcecode.swift; path = "Trigonometry+TrigonometricFunctions.swift"; sourceTree = "<group>"; };
		63D2D3B02013DB34007011BD /* Trigonometry+Validation.swift */ = {isa = PBXFileReference; fileEncoding = 4; lastKnownFileType = sourcecode.swift; path = "Trigonometry+Validation.swift"; sourceTree = "<group>"; };
		63D2D3B12013DB34007011BD /* Trigonometry.swift */ = {isa = PBXFileReference; fileEncoding = 4; lastKnownFileType = sourcecode.swift; path = Trigonometry.swift; sourceTree = "<group>"; };
		63D2D3CB2013DB40007011BD /* CGFloat+FrameworkExtension.swift */ = {isa = PBXFileReference; fileEncoding = 4; lastKnownFileType = sourcecode.swift; path = "CGFloat+FrameworkExtension.swift"; sourceTree = "<group>"; };
		63D2D3CC2013DB40007011BD /* Double+FrameworkExtension.swift */ = {isa = PBXFileReference; fileEncoding = 4; lastKnownFileType = sourcecode.swift; path = "Double+FrameworkExtension.swift"; sourceTree = "<group>"; };
		63D2D3CD2013DB40007011BD /* Float+FrameworkExtension.swift */ = {isa = PBXFileReference; fileEncoding = 4; lastKnownFileType = sourcecode.swift; path = "Float+FrameworkExtension.swift"; sourceTree = "<group>"; };
		63D2D3CE2013DB40007011BD /* XCTest+FrameworkExtension.swift */ = {isa = PBXFileReference; fileEncoding = 4; lastKnownFileType = sourcecode.swift; path = "XCTest+FrameworkExtension.swift"; sourceTree = "<group>"; };
		63D2D3D02013DB40007011BD /* ArgumentsCheckerTests.swift */ = {isa = PBXFileReference; fileEncoding = 4; lastKnownFileType = sourcecode.swift; path = ArgumentsCheckerTests.swift; sourceTree = "<group>"; };
		63D2D3D12013DB40007011BD /* Atan2ArgumentsCheckerTests.swift */ = {isa = PBXFileReference; fileEncoding = 4; lastKnownFileType = sourcecode.swift; path = Atan2ArgumentsCheckerTests.swift; sourceTree = "<group>"; };
		63D2D3D22013DB40007011BD /* PredicateTests.swift */ = {isa = PBXFileReference; fileEncoding = 4; lastKnownFileType = sourcecode.swift; path = PredicateTests.swift; sourceTree = "<group>"; };
		63D2D3D32013DB40007011BD /* TrigonometricArgumentsCheckerTests.swift */ = {isa = PBXFileReference; fileEncoding = 4; lastKnownFileType = sourcecode.swift; path = TrigonometricArgumentsCheckerTests.swift; sourceTree = "<group>"; };
		63D2D3D52013DB40007011BD /* GenericTrigonometryTests.swift */ = {isa = PBXFileReference; fileEncoding = 4; lastKnownFileType = sourcecode.swift; path = GenericTrigonometryTests.swift; sourceTree = "<group>"; };
		63D2D3D62013DB40007011BD /* InverseHyperbolicTrigonometricTests.swift */ = {isa = PBXFileReference; fileEncoding = 4; lastKnownFileType = sourcecode.swift; path = InverseHyperbolicTrigonometricTests.swift; sourceTree = "<group>"; };
		63D2D3D72013DB40007011BD /* InverseTrigonometricTests.swift */ = {isa = PBXFileReference; fileEncoding = 4; lastKnownFileType = sourcecode.swift; path = InverseTrigonometricTests.swift; sourceTree = "<group>"; };
		63D2D3D82013DB40007011BD /* RadianHyperbolicTrigonometricTests.swift */ = {isa = PBXFileReference; fileEncoding = 4; lastKnownFileType = sourcecode.swift; path = RadianHyperbolicTrigonometricTests.swift; sourceTree = "<group>"; };
		63D2D3D92013DB40007011BD /* RadianInverseHTrigonometricTests.swift */ = {isa = PBXFileReference; fileEncoding = 4; lastKnownFileType = sourcecode.swift; path = RadianInverseHTrigonometricTests.swift; sourceTree = "<group>"; };
		63D2D3DA2013DB40007011BD /* RadianInverseHTrigonometricTests2.swift */ = {isa = PBXFileReference; fileEncoding = 4; lastKnownFileType = sourcecode.swift; path = RadianInverseHTrigonometricTests2.swift; sourceTree = "<group>"; };
		63D2D3DB2013DB40007011BD /* RadianInverseTrigonometricTests.swift */ = {isa = PBXFileReference; fileEncoding = 4; lastKnownFileType = sourcecode.swift; path = RadianInverseTrigonometricTests.swift; sourceTree = "<group>"; };
		63D2D3DC2013DB40007011BD /* RadianInverseTrigonometricTests2.swift */ = {isa = PBXFileReference; fileEncoding = 4; lastKnownFileType = sourcecode.swift; path = RadianInverseTrigonometricTests2.swift; sourceTree = "<group>"; };
		63D2D3DD2013DB40007011BD /* RadianTrigonometricTests.swift */ = {isa = PBXFileReference; fileEncoding = 4; lastKnownFileType = sourcecode.swift; path = RadianTrigonometricTests.swift; sourceTree = "<group>"; };
		63D2D3DE2013DB40007011BD /* RadianTrigonometricTests2.swift */ = {isa = PBXFileReference; fileEncoding = 4; lastKnownFileType = sourcecode.swift; path = RadianTrigonometricTests2.swift; sourceTree = "<group>"; };
		63D2D3DF2013DB40007011BD /* TrigonometricConstants.swift */ = {isa = PBXFileReference; fileEncoding = 4; lastKnownFileType = sourcecode.swift; path = TrigonometricConstants.swift; sourceTree = "<group>"; };
		63D2D3E12013DB40007011BD /* AngleTests.swift */ = {isa = PBXFileReference; fileEncoding = 4; lastKnownFileType = sourcecode.swift; path = AngleTests.swift; sourceTree = "<group>"; };
		63D2D3E22013DB40007011BD /* DegreeMeasurementTests.swift */ = {isa = PBXFileReference; fileEncoding = 4; lastKnownFileType = sourcecode.swift; path = DegreeMeasurementTests.swift; sourceTree = "<group>"; };
		63D2D3E32013DB40007011BD /* DegreeTests.swift */ = {isa = PBXFileReference; fileEncoding = 4; lastKnownFileType = sourcecode.swift; path = DegreeTests.swift; sourceTree = "<group>"; };
		63D2D3E42013DB40007011BD /* RadianMeasurementTests.swift */ = {isa = PBXFileReference; fileEncoding = 4; lastKnownFileType = sourcecode.swift; path = RadianMeasurementTests.swift; sourceTree = "<group>"; };
		63D2D3E52013DB40007011BD /* RadianTests.swift */ = {isa = PBXFileReference; fileEncoding = 4; lastKnownFileType = sourcecode.swift; path = RadianTests.swift; sourceTree = "<group>"; };
		63D2D4E32013E300007011BD /* DLInterval.framework */ = {isa = PBXFileReference; lastKnownFileType = wrapper.framework; name = DLInterval.framework; path = ../../Carthage/Build/iOS/DLInterval.framework; sourceTree = "<group>"; };
/* End PBXFileReference section */

/* Begin PBXFrameworksBuildPhase section */
		63D2D3792013D9E8007011BD /* Frameworks */ = {
			isa = PBXFrameworksBuildPhase;
			buildActionMask = 2147483647;
			files = (
				63D2D4E42013E300007011BD /* DLInterval.framework in Frameworks */,
			);
			runOnlyForDeploymentPostprocessing = 0;
		};
		63D2D3832013D9E8007011BD /* Frameworks */ = {
			isa = PBXFrameworksBuildPhase;
			buildActionMask = 2147483647;
			files = (
				63D2D3872013D9E8007011BD /* DLAngle.framework in Frameworks */,
				63D2D4E52013E41B007011BD /* DLInterval.framework in Frameworks */,
			);
			runOnlyForDeploymentPostprocessing = 0;
		};
/* End PBXFrameworksBuildPhase section */

/* Begin PBXGroup section */
		63D2D3732013D9E8007011BD = {
			isa = PBXGroup;
			children = (
				63D2D37F2013D9E8007011BD /* DLAngle */,
				63D2D38A2013D9E8007011BD /* DLAngleTests */,
				63D2D37E2013D9E8007011BD /* Products */,
				63D2D4D62013E1FC007011BD /* Frameworks */,
			);
			sourceTree = "<group>";
		};
		63D2D37E2013D9E8007011BD /* Products */ = {
			isa = PBXGroup;
			children = (
				63D2D37D2013D9E8007011BD /* DLAngle.framework */,
				63D2D3862013D9E8007011BD /* DLAngleTests.xctest */,
			);
			name = Products;
			sourceTree = "<group>";
		};
		63D2D37F2013D9E8007011BD /* DLAngle */ = {
			isa = PBXGroup;
			children = (
				63D2D39F2013DB34007011BD /* Angle */,
				63D2D3972013DB34007011BD /* Model */,
				63D2D3AA2013DB34007011BD /* Trigonometry */,
				63D2D3802013D9E8007011BD /* DLAngle.h */,
				63D2D3812013D9E8007011BD /* Info.plist */,
			);
			path = DLAngle;
			sourceTree = "<group>";
		};
		63D2D38A2013D9E8007011BD /* DLAngleTests */ = {
			isa = PBXGroup;
			children = (
				63D2D3E02013DB40007011BD /* Angle */,
				63D2D3CA2013DB40007011BD /* Extensions */,
				63D2D3D42013DB40007011BD /* Trigonometry */,
				63D2D3CF2013DB40007011BD /* Validation */,
				63D2D38D2013D9E8007011BD /* Info.plist */,
			);
			path = DLAngleTests;
			sourceTree = "<group>";
		};
		63D2D3972013DB34007011BD /* Model */ = {
			isa = PBXGroup;
			children = (
				63D2D3982013DB34007011BD /* ArgumentsChecker.swift */,
				63D2D3992013DB34007011BD /* Atan2ArgumentsChecker.swift */,
				63D2D39A2013DB34007011BD /* IntervalType.swift */,
				63D2D39B2013DB34007011BD /* Predicate.swift */,
				63D2D39C2013DB34007011BD /* TrigonometricArgumentsChecker.swift */,
				63D2D39D2013DB34007011BD /* TrigonometricError.swift */,
				63D2D39E2013DB34007011BD /* TrigonometricFunction.swift */,
			);
			name = Model;
			path = ../../../Sources/DLAngle/Model;
			sourceTree = "<group>";
		};
		63D2D39F2013DB34007011BD /* Angle */ = {
			isa = PBXGroup;
			children = (
				63D2D3A02013DB34007011BD /* Angle.swift */,
				63D2D3A12013DB34007011BD /* Degree+Measurement.swift */,
				63D2D3A22013DB34007011BD /* Degree.swift */,
				63D2D3A32013DB34007011BD /* NormalizedType.swift */,
				63D2D3A42013DB34007011BD /* Radian+HyperbolicTrigonometricFunctions.swift */,
				63D2D3A52013DB34007011BD /* Radian+InverseHyperbolicTrigonometricFunctions.swift */,
				63D2D3A62013DB34007011BD /* Radian+InverseTrigonometricFunctions.swift */,
				63D2D3A72013DB34007011BD /* Radian+Measument.swift */,
				63D2D3A82013DB34007011BD /* Radian+TrigonometricFunctions.swift */,
				63D2D3A92013DB34007011BD /* Radian.swift */,
				638825F22014C3CE00CC6E83 /* RadianConstants.swift */,
			);
			name = Angle;
			path = ../../../Sources/DLAngle/Angle;
			sourceTree = "<group>";
		};
		63D2D3AA2013DB34007011BD /* Trigonometry */ = {
			isa = PBXGroup;
			children = (
				63D2D3AB2013DB34007011BD /* GenericTrigonometry.swift */,
				63D2D3AC2013DB34007011BD /* Trigonometry+HyperbolicTrigonometricFunctions.swift */,
				63D2D3AD2013DB34007011BD /* Trigonometry+InverseHyperbolicTrigonometricFunctions.swift */,
				63D2D3AE2013DB34007011BD /* Trigonometry+InverseTrigonometricFunctions.swift */,
				63D2D3AF2013DB34007011BD /* Trigonometry+TrigonometricFunctions.swift */,
				63D2D3B02013DB34007011BD /* Trigonometry+Validation.swift */,
				63D2D3B12013DB34007011BD /* Trigonometry.swift */,
			);
			name = Trigonometry;
			path = ../../../Sources/DLAngle/Trigonometry;
			sourceTree = "<group>";
		};
		63D2D3CA2013DB40007011BD /* Extensions */ = {
			isa = PBXGroup;
			children = (
				63D2D3CB2013DB40007011BD /* CGFloat+FrameworkExtension.swift */,
				63D2D3CC2013DB40007011BD /* Double+FrameworkExtension.swift */,
				63D2D3CD2013DB40007011BD /* Float+FrameworkExtension.swift */,
				63D2D3CE2013DB40007011BD /* XCTest+FrameworkExtension.swift */,
			);
			name = Extensions;
			path = ../../../Tests/DLAngleTests/Extensions;
			sourceTree = "<group>";
		};
		63D2D3CF2013DB40007011BD /* Validation */ = {
			isa = PBXGroup;
			children = (
				63D2D3D02013DB40007011BD /* ArgumentsCheckerTests.swift */,
				63D2D3D12013DB40007011BD /* Atan2ArgumentsCheckerTests.swift */,
				63D2D3D22013DB40007011BD /* PredicateTests.swift */,
				63D2D3D32013DB40007011BD /* TrigonometricArgumentsCheckerTests.swift */,
			);
			name = Validation;
			path = ../../../Tests/DLAngleTests/Validation;
			sourceTree = "<group>";
		};
		63D2D3D42013DB40007011BD /* Trigonometry */ = {
			isa = PBXGroup;
			children = (
				63D2D3D52013DB40007011BD /* GenericTrigonometryTests.swift */,
				63D2D3D62013DB40007011BD /* InverseHyperbolicTrigonometricTests.swift */,
				63D2D3D72013DB40007011BD /* InverseTrigonometricTests.swift */,
				63D2D3D82013DB40007011BD /* RadianHyperbolicTrigonometricTests.swift */,
				63D2D3D92013DB40007011BD /* RadianInverseHTrigonometricTests.swift */,
				63D2D3DA2013DB40007011BD /* RadianInverseHTrigonometricTests2.swift */,
				63D2D3DB2013DB40007011BD /* RadianInverseTrigonometricTests.swift */,
				63D2D3DC2013DB40007011BD /* RadianInverseTrigonometricTests2.swift */,
				63D2D3DD2013DB40007011BD /* RadianTrigonometricTests.swift */,
				63D2D3DE2013DB40007011BD /* RadianTrigonometricTests2.swift */,
				63D2D3DF2013DB40007011BD /* TrigonometricConstants.swift */,
			);
			name = Trigonometry;
			path = ../../../Tests/DLAngleTests/Trigonometry;
			sourceTree = "<group>";
		};
		63D2D3E02013DB40007011BD /* Angle */ = {
			isa = PBXGroup;
			children = (
				63D2D3E12013DB40007011BD /* AngleTests.swift */,
				63D2D3E22013DB40007011BD /* DegreeMeasurementTests.swift */,
				63D2D3E32013DB40007011BD /* DegreeTests.swift */,
				63D2D3E42013DB40007011BD /* RadianMeasurementTests.swift */,
				63D2D3E52013DB40007011BD /* RadianTests.swift */,
				638825FA2014C44D00CC6E83 /* RadianConstantsTests.swift */,
			);
			name = Angle;
			path = ../../../Tests/DLAngleTests/Angle;
			sourceTree = "<group>";
		};
		63D2D4D62013E1FC007011BD /* Frameworks */ = {
			isa = PBXGroup;
			children = (
				63D2D4E32013E300007011BD /* DLInterval.framework */,
			);
			name = Frameworks;
			sourceTree = "<group>";
		};
/* End PBXGroup section */

/* Begin PBXHeadersBuildPhase section */
		63D2D37A2013D9E8007011BD /* Headers */ = {
			isa = PBXHeadersBuildPhase;
			buildActionMask = 2147483647;
			files = (
				63D2D38E2013D9E8007011BD /* DLAngle.h in Headers */,
			);
			runOnlyForDeploymentPostprocessing = 0;
		};
/* End PBXHeadersBuildPhase section */

/* Begin PBXNativeTarget section */
		63D2D37C2013D9E8007011BD /* DLAngle */ = {
			isa = PBXNativeTarget;
			buildConfigurationList = 63D2D3912013D9E8007011BD /* Build configuration list for PBXNativeTarget "DLAngle" */;
			buildPhases = (
				63D2D3782013D9E8007011BD /* Sources */,
				63D2D3792013D9E8007011BD /* Frameworks */,
				63D2D37A2013D9E8007011BD /* Headers */,
				63D2D37B2013D9E8007011BD /* Resources */,
				63D2D4E62013E6CA007011BD /* Swiftlint Script */,
			);
			buildRules = (
			);
			dependencies = (
			);
			name = DLAngle;
			productName = DLAngle;
			productReference = 63D2D37D2013D9E8007011BD /* DLAngle.framework */;
			productType = "com.apple.product-type.framework";
		};
		63D2D3852013D9E8007011BD /* DLAngleTests */ = {
			isa = PBXNativeTarget;
			buildConfigurationList = 63D2D3942013D9E8007011BD /* Build configuration list for PBXNativeTarget "DLAngleTests" */;
			buildPhases = (
				63D2D3822013D9E8007011BD /* Sources */,
				63D2D3832013D9E8007011BD /* Frameworks */,
				63D2D3842013D9E8007011BD /* Resources */,
			);
			buildRules = (
			);
			dependencies = (
				63D2D3892013D9E8007011BD /* PBXTargetDependency */,
			);
			name = DLAngleTests;
			productName = DLAngleTests;
			productReference = 63D2D3862013D9E8007011BD /* DLAngleTests.xctest */;
			productType = "com.apple.product-type.bundle.unit-test";
		};
/* End PBXNativeTarget section */

/* Begin PBXProject section */
		63D2D3742013D9E8007011BD /* Project object */ = {
			isa = PBXProject;
			attributes = {
				LastSwiftUpdateCheck = 0920;
				LastUpgradeCheck = 0920;
				ORGANIZATIONNAME = "David Livadaru";
				TargetAttributes = {
					63D2D37C2013D9E8007011BD = {
						CreatedOnToolsVersion = 9.2;
						ProvisioningStyle = Automatic;
					};
					63D2D3852013D9E8007011BD = {
						CreatedOnToolsVersion = 9.2;
						ProvisioningStyle = Automatic;
					};
				};
			};
			buildConfigurationList = 63D2D3772013D9E8007011BD /* Build configuration list for PBXProject "DLAngle" */;
			compatibilityVersion = "Xcode 8.0";
			developmentRegion = en;
			hasScannedForEncodings = 0;
			knownRegions = (
				en,
			);
			mainGroup = 63D2D3732013D9E8007011BD;
			productRefGroup = 63D2D37E2013D9E8007011BD /* Products */;
			projectDirPath = "";
			projectRoot = "";
			targets = (
				63D2D37C2013D9E8007011BD /* DLAngle */,
				63D2D3852013D9E8007011BD /* DLAngleTests */,
			);
		};
/* End PBXProject section */

/* Begin PBXResourcesBuildPhase section */
		63D2D37B2013D9E8007011BD /* Resources */ = {
			isa = PBXResourcesBuildPhase;
			buildActionMask = 2147483647;
			files = (
			);
			runOnlyForDeploymentPostprocessing = 0;
		};
		63D2D3842013D9E8007011BD /* Resources */ = {
			isa = PBXResourcesBuildPhase;
			buildActionMask = 2147483647;
			files = (
			);
			runOnlyForDeploymentPostprocessing = 0;
		};
/* End PBXResourcesBuildPhase section */

/* Begin PBXShellScriptBuildPhase section */
		63D2D4E62013E6CA007011BD /* Swiftlint Script */ = {
			isa = PBXShellScriptBuildPhase;
			buildActionMask = 2147483647;
			files = (
			);
			inputPaths = (
			);
			name = "Swiftlint Script";
			outputPaths = (
			);
			runOnlyForDeploymentPostprocessing = 0;
			shellPath = /bin/sh;
			shellScript = "if which swiftlint >/dev/null; then\n    swiftlint\nelse\n    echo \"warning: SwiftLint not installed, download from https://github.com/realm/SwiftLint\"\nfi";
		};
/* End PBXShellScriptBuildPhase section */

/* Begin PBXSourcesBuildPhase section */
		63D2D3782013D9E8007011BD /* Sources */ = {
			isa = PBXSourcesBuildPhase;
			buildActionMask = 2147483647;
			files = (
				63D2D3B42013DB34007011BD /* IntervalType.swift in Sources */,
				63D2D3BB2013DB34007011BD /* Degree.swift in Sources */,
				63D2D3C22013DB34007011BD /* Radian.swift in Sources */,
				63D2D3C52013DB34007011BD /* Trigonometry+InverseHyperbolicTrigonometricFunctions.swift in Sources */,
				63D2D3B62013DB34007011BD /* TrigonometricArgumentsChecker.swift in Sources */,
				63D2D3B22013DB34007011BD /* ArgumentsChecker.swift in Sources */,
				63D2D3BF2013DB34007011BD /* Radian+InverseTrigonometricFunctions.swift in Sources */,
				63D2D3B82013DB34007011BD /* TrigonometricFunction.swift in Sources */,
				63D2D3C92013DB34007011BD /* Trigonometry.swift in Sources */,
				63D2D3C82013DB34007011BD /* Trigonometry+Validation.swift in Sources */,
				63D2D3C42013DB34007011BD /* Trigonometry+HyperbolicTrigonometricFunctions.swift in Sources */,
				63D2D3B72013DB34007011BD /* TrigonometricError.swift in Sources */,
				63D2D3BE2013DB34007011BD /* Radian+InverseHyperbolicTrigonometricFunctions.swift in Sources */,
				63D2D3C62013DB34007011BD /* Trigonometry+InverseTrigonometricFunctions.swift in Sources */,
				63D2D3BD2013DB34007011BD /* Radian+HyperbolicTrigonometricFunctions.swift in Sources */,
				63D2D3B92013DB34007011BD /* Angle.swift in Sources */,
				63D2D3C02013DB34007011BD /* Radian+Measument.swift in Sources */,
				638825F32014C3CE00CC6E83 /* RadianConstants.swift in Sources */,
				63D2D3B32013DB34007011BD /* Atan2ArgumentsChecker.swift in Sources */,
				63D2D3BC2013DB34007011BD /* NormalizedType.swift in Sources */,
				63D2D3C72013DB34007011BD /* Trigonometry+TrigonometricFunctions.swift in Sources */,
				63D2D3C32013DB34007011BD /* GenericTrigonometry.swift in Sources */,
				63D2D3B52013DB34007011BD /* Predicate.swift in Sources */,
				63D2D3BA2013DB34007011BD /* Degree+Measurement.swift in Sources */,
				63D2D3C12013DB34007011BD /* Radian+TrigonometricFunctions.swift in Sources */,
			);
			runOnlyForDeploymentPostprocessing = 0;
		};
		63D2D3822013D9E8007011BD /* Sources */ = {
			isa = PBXSourcesBuildPhase;
			buildActionMask = 2147483647;
			files = (
				63D2D3EE2013DB40007011BD /* GenericTrigonometryTests.swift in Sources */,
				63D2D3F22013DB40007011BD /* RadianInverseHTrigonometricTests.swift in Sources */,
				63D2D3F12013DB40007011BD /* RadianHyperbolicTrigonometricTests.swift in Sources */,
				63D2D3E62013DB40007011BD /* CGFloat+FrameworkExtension.swift in Sources */,
				63D2D3F42013DB40007011BD /* RadianInverseTrigonometricTests.swift in Sources */,
				63D2D3F92013DB40007011BD /* AngleTests.swift in Sources */,
				63D2D3F62013DB40007011BD /* RadianTrigonometricTests.swift in Sources */,
				63D2D3FB2013DB40007011BD /* DegreeTests.swift in Sources */,
				638825FB2014C44D00CC6E83 /* RadianConstantsTests.swift in Sources */,
				63D2D3EF2013DB40007011BD /* InverseHyperbolicTrigonometricTests.swift in Sources */,
				63D2D3E82013DB40007011BD /* Float+FrameworkExtension.swift in Sources */,
				63D2D3EA2013DB40007011BD /* ArgumentsCheckerTests.swift in Sources */,
				63D2D3EC2013DB40007011BD /* PredicateTests.swift in Sources */,
				63D2D3F82013DB40007011BD /* TrigonometricConstants.swift in Sources */,
				63D2D3E72013DB40007011BD /* Double+FrameworkExtension.swift in Sources */,
				63D2D3F32013DB40007011BD /* RadianInverseHTrigonometricTests2.swift in Sources */,
				63D2D3FA2013DB40007011BD /* DegreeMeasurementTests.swift in Sources */,
				63D2D3F52013DB40007011BD /* RadianInverseTrigonometricTests2.swift in Sources */,
				63D2D3F02013DB40007011BD /* InverseTrigonometricTests.swift in Sources */,
				63D2D3ED2013DB40007011BD /* TrigonometricArgumentsCheckerTests.swift in Sources */,
				63D2D3EB2013DB40007011BD /* Atan2ArgumentsCheckerTests.swift in Sources */,
				63D2D3FD2013DB40007011BD /* RadianTests.swift in Sources */,
				63D2D3F72013DB40007011BD /* RadianTrigonometricTests2.swift in Sources */,
				63D2D3E92013DB40007011BD /* XCTest+FrameworkExtension.swift in Sources */,
				63D2D3FC2013DB40007011BD /* RadianMeasurementTests.swift in Sources */,
			);
			runOnlyForDeploymentPostprocessing = 0;
		};
/* End PBXSourcesBuildPhase section */

/* Begin PBXTargetDependency section */
		63D2D3892013D9E8007011BD /* PBXTargetDependency */ = {
			isa = PBXTargetDependency;
			target = 63D2D37C2013D9E8007011BD /* DLAngle */;
			targetProxy = 63D2D3882013D9E8007011BD /* PBXContainerItemProxy */;
		};
/* End PBXTargetDependency section */

/* Begin XCBuildConfiguration section */
		63D2D38F2013D9E8007011BD /* Debug */ = {
			isa = XCBuildConfiguration;
			buildSettings = {
				ALWAYS_SEARCH_USER_PATHS = NO;
				CLANG_ANALYZER_NONNULL = YES;
				CLANG_ANALYZER_NUMBER_OBJECT_CONVERSION = YES_AGGRESSIVE;
				CLANG_CXX_LANGUAGE_STANDARD = "gnu++14";
				CLANG_CXX_LIBRARY = "libc++";
				CLANG_ENABLE_MODULES = YES;
				CLANG_ENABLE_OBJC_ARC = YES;
				CLANG_WARN_BLOCK_CAPTURE_AUTORELEASING = YES;
				CLANG_WARN_BOOL_CONVERSION = YES;
				CLANG_WARN_COMMA = YES;
				CLANG_WARN_CONSTANT_CONVERSION = YES;
				CLANG_WARN_DIRECT_OBJC_ISA_USAGE = YES_ERROR;
				CLANG_WARN_DOCUMENTATION_COMMENTS = YES;
				CLANG_WARN_EMPTY_BODY = YES;
				CLANG_WARN_ENUM_CONVERSION = YES;
				CLANG_WARN_INFINITE_RECURSION = YES;
				CLANG_WARN_INT_CONVERSION = YES;
				CLANG_WARN_NON_LITERAL_NULL_CONVERSION = YES;
				CLANG_WARN_OBJC_LITERAL_CONVERSION = YES;
				CLANG_WARN_OBJC_ROOT_CLASS = YES_ERROR;
				CLANG_WARN_RANGE_LOOP_ANALYSIS = YES;
				CLANG_WARN_STRICT_PROTOTYPES = YES;
				CLANG_WARN_SUSPICIOUS_MOVE = YES;
				CLANG_WARN_UNGUARDED_AVAILABILITY = YES_AGGRESSIVE;
				CLANG_WARN_UNREACHABLE_CODE = YES;
				CLANG_WARN__DUPLICATE_METHOD_MATCH = YES;
				CODE_SIGN_IDENTITY = "iPhone Developer";
				COPY_PHASE_STRIP = NO;
				CURRENT_PROJECT_VERSION = 1;
				DEBUG_INFORMATION_FORMAT = dwarf;
				ENABLE_STRICT_OBJC_MSGSEND = YES;
				ENABLE_TESTABILITY = YES;
				FRAMEWORK_SEARCH_PATHS = "$(PROJECT_DIR)/../../Carthage/Build/iOS";
				GCC_C_LANGUAGE_STANDARD = gnu11;
				GCC_DYNAMIC_NO_PIC = NO;
				GCC_NO_COMMON_BLOCKS = YES;
				GCC_OPTIMIZATION_LEVEL = 0;
				GCC_PREPROCESSOR_DEFINITIONS = (
					"DEBUG=1",
					"$(inherited)",
				);
				GCC_WARN_64_TO_32_BIT_CONVERSION = YES;
				GCC_WARN_ABOUT_RETURN_TYPE = YES_ERROR;
				GCC_WARN_UNDECLARED_SELECTOR = YES;
				GCC_WARN_UNINITIALIZED_AUTOS = YES_AGGRESSIVE;
				GCC_WARN_UNUSED_FUNCTION = YES;
				GCC_WARN_UNUSED_VARIABLE = YES;
				IPHONEOS_DEPLOYMENT_TARGET = 11.2;
				MTL_ENABLE_DEBUG_INFO = YES;
				ONLY_ACTIVE_ARCH = YES;
				SDKROOT = iphoneos;
				SWIFT_ACTIVE_COMPILATION_CONDITIONS = DEBUG;
				SWIFT_OPTIMIZATION_LEVEL = "-Onone";
				VERSIONING_SYSTEM = "apple-generic";
				VERSION_INFO_PREFIX = "";
			};
			name = Debug;
		};
		63D2D3902013D9E8007011BD /* Release */ = {
			isa = XCBuildConfiguration;
			buildSettings = {
				ALWAYS_SEARCH_USER_PATHS = NO;
				CLANG_ANALYZER_NONNULL = YES;
				CLANG_ANALYZER_NUMBER_OBJECT_CONVERSION = YES_AGGRESSIVE;
				CLANG_CXX_LANGUAGE_STANDARD = "gnu++14";
				CLANG_CXX_LIBRARY = "libc++";
				CLANG_ENABLE_MODULES = YES;
				CLANG_ENABLE_OBJC_ARC = YES;
				CLANG_WARN_BLOCK_CAPTURE_AUTORELEASING = YES;
				CLANG_WARN_BOOL_CONVERSION = YES;
				CLANG_WARN_COMMA = YES;
				CLANG_WARN_CONSTANT_CONVERSION = YES;
				CLANG_WARN_DIRECT_OBJC_ISA_USAGE = YES_ERROR;
				CLANG_WARN_DOCUMENTATION_COMMENTS = YES;
				CLANG_WARN_EMPTY_BODY = YES;
				CLANG_WARN_ENUM_CONVERSION = YES;
				CLANG_WARN_INFINITE_RECURSION = YES;
				CLANG_WARN_INT_CONVERSION = YES;
				CLANG_WARN_NON_LITERAL_NULL_CONVERSION = YES;
				CLANG_WARN_OBJC_LITERAL_CONVERSION = YES;
				CLANG_WARN_OBJC_ROOT_CLASS = YES_ERROR;
				CLANG_WARN_RANGE_LOOP_ANALYSIS = YES;
				CLANG_WARN_STRICT_PROTOTYPES = YES;
				CLANG_WARN_SUSPICIOUS_MOVE = YES;
				CLANG_WARN_UNGUARDED_AVAILABILITY = YES_AGGRESSIVE;
				CLANG_WARN_UNREACHABLE_CODE = YES;
				CLANG_WARN__DUPLICATE_METHOD_MATCH = YES;
				CODE_SIGN_IDENTITY = "iPhone Developer";
				COPY_PHASE_STRIP = NO;
				CURRENT_PROJECT_VERSION = 1;
				DEBUG_INFORMATION_FORMAT = "dwarf-with-dsym";
				ENABLE_NS_ASSERTIONS = NO;
				ENABLE_STRICT_OBJC_MSGSEND = YES;
				FRAMEWORK_SEARCH_PATHS = "$(PROJECT_DIR)/../../Carthage/Build/iOS";
				GCC_C_LANGUAGE_STANDARD = gnu11;
				GCC_NO_COMMON_BLOCKS = YES;
				GCC_WARN_64_TO_32_BIT_CONVERSION = YES;
				GCC_WARN_ABOUT_RETURN_TYPE = YES_ERROR;
				GCC_WARN_UNDECLARED_SELECTOR = YES;
				GCC_WARN_UNINITIALIZED_AUTOS = YES_AGGRESSIVE;
				GCC_WARN_UNUSED_FUNCTION = YES;
				GCC_WARN_UNUSED_VARIABLE = YES;
				IPHONEOS_DEPLOYMENT_TARGET = 11.2;
				MTL_ENABLE_DEBUG_INFO = NO;
				SDKROOT = iphoneos;
				SWIFT_OPTIMIZATION_LEVEL = "-Owholemodule";
				VALIDATE_PRODUCT = YES;
				VERSIONING_SYSTEM = "apple-generic";
				VERSION_INFO_PREFIX = "";
			};
			name = Release;
		};
		63D2D3922013D9E8007011BD /* Debug */ = {
			isa = XCBuildConfiguration;
			buildSettings = {
				CODE_SIGN_IDENTITY = "";
				CODE_SIGN_STYLE = Automatic;
				DEFINES_MODULE = YES;
				DYLIB_COMPATIBILITY_VERSION = 1;
				DYLIB_CURRENT_VERSION = 1;
				DYLIB_INSTALL_NAME_BASE = "@rpath";
				FRAMEWORK_SEARCH_PATHS = "$(inherited)";
				INFOPLIST_FILE = DLAngle/Info.plist;
				INSTALL_PATH = "$(LOCAL_LIBRARY_DIR)/Frameworks";
				IPHONEOS_DEPLOYMENT_TARGET = 10.0;
				LD_RUNPATH_SEARCH_PATHS = "$(inherited) @executable_path/Frameworks @loader_path/Frameworks";
				PRODUCT_BUNDLE_IDENTIFIER = DL.DLAngle;
				PRODUCT_NAME = "$(TARGET_NAME:c99extidentifier)";
				SKIP_INSTALL = YES;
				SWIFT_VERSION = 4.0;
				TARGETED_DEVICE_FAMILY = "1,2";
			};
			name = Debug;
		};
		63D2D3932013D9E8007011BD /* Release */ = {
			isa = XCBuildConfiguration;
			buildSettings = {
				CODE_SIGN_IDENTITY = "";
				CODE_SIGN_STYLE = Automatic;
				DEFINES_MODULE = YES;
				DYLIB_COMPATIBILITY_VERSION = 1;
				DYLIB_CURRENT_VERSION = 1;
				DYLIB_INSTALL_NAME_BASE = "@rpath";
				FRAMEWORK_SEARCH_PATHS = "$(inherited)";
				INFOPLIST_FILE = DLAngle/Info.plist;
				INSTALL_PATH = "$(LOCAL_LIBRARY_DIR)/Frameworks";
				IPHONEOS_DEPLOYMENT_TARGET = 10.0;
				LD_RUNPATH_SEARCH_PATHS = "$(inherited) @executable_path/Frameworks @loader_path/Frameworks";
				PRODUCT_BUNDLE_IDENTIFIER = DL.DLAngle;
				PRODUCT_NAME = "$(TARGET_NAME:c99extidentifier)";
				SKIP_INSTALL = YES;
				SWIFT_VERSION = 4.0;
				TARGETED_DEVICE_FAMILY = "1,2";
			};
			name = Release;
		};
		63D2D3952013D9E8007011BD /* Debug */ = {
			isa = XCBuildConfiguration;
			buildSettings = {
				ALWAYS_EMBED_SWIFT_STANDARD_LIBRARIES = YES;
				CODE_SIGN_STYLE = Automatic;
				FRAMEWORK_SEARCH_PATHS = "$(inherited)";
				INFOPLIST_FILE = DLAngleTests/Info.plist;
				LD_RUNPATH_SEARCH_PATHS = "$(inherited) @executable_path/Frameworks @loader_path/Frameworks $(FRAMEWORK_SEARCH_PATHS)";
				PRODUCT_BUNDLE_IDENTIFIER = DL.DLAngleTests;
				PRODUCT_NAME = "$(TARGET_NAME)";
				SWIFT_VERSION = 4.0;
				TARGETED_DEVICE_FAMILY = "1,2";
			};
			name = Debug;
		};
		63D2D3962013D9E8007011BD /* Release */ = {
			isa = XCBuildConfiguration;
			buildSettings = {
				ALWAYS_EMBED_SWIFT_STANDARD_LIBRARIES = YES;
				CODE_SIGN_STYLE = Automatic;
				FRAMEWORK_SEARCH_PATHS = "$(inherited)";
				INFOPLIST_FILE = DLAngleTests/Info.plist;
				LD_RUNPATH_SEARCH_PATHS = "$(inherited) @executable_path/Frameworks @loader_path/Frameworks $(FRAMEWORK_SEARCH_PATHS)";
				PRODUCT_BUNDLE_IDENTIFIER = DL.DLAngleTests;
				PRODUCT_NAME = "$(TARGET_NAME)";
				SWIFT_VERSION = 4.0;
				TARGETED_DEVICE_FAMILY = "1,2";
			};
			name = Release;
		};
/* End XCBuildConfiguration section */

/* Begin XCConfigurationList section */
		63D2D3772013D9E8007011BD /* Build configuration list for PBXProject "DLAngle" */ = {
			isa = XCConfigurationList;
			buildConfigurations = (
				63D2D38F2013D9E8007011BD /* Debug */,
				63D2D3902013D9E8007011BD /* Release */,
			);
			defaultConfigurationIsVisible = 0;
			defaultConfigurationName = Release;
		};
		63D2D3912013D9E8007011BD /* Build configuration list for PBXNativeTarget "DLAngle" */ = {
			isa = XCConfigurationList;
			buildConfigurations = (
				63D2D3922013D9E8007011BD /* Debug */,
				63D2D3932013D9E8007011BD /* Release */,
			);
			defaultConfigurationIsVisible = 0;
			defaultConfigurationName = Release;
		};
		63D2D3942013D9E8007011BD /* Build configuration list for PBXNativeTarget "DLAngleTests" */ = {
			isa = XCConfigurationList;
			buildConfigurations = (
				63D2D3952013D9E8007011BD /* Debug */,
				63D2D3962013D9E8007011BD /* Release */,
			);
			defaultConfigurationIsVisible = 0;
			defaultConfigurationName = Release;
		};
/* End XCConfigurationList section */
	};
	rootObject = 63D2D3742013D9E8007011BD /* Project object */;
}
