{
  "object": {
    "pins": [
      {
        "package": "DLInterval",
        "repositoryURL": "https://github.com/davidlivadaru/DLInterval.git",
        "state": {
          "branch": null,
          "revision": "8f56479bea3bc736e8d2cff6c56becc49a3baa03",
          "version": "1.3.0"
        }
      }
    ]
  },
  "version": 1
}
