{
  "object": {
    "pins": [
      {
        "package": "DLInterval",
        "repositoryURL": "https://github.com/davidlivadaru/DLInterval.git",
        "state": {
          "branch": null,
          "revision": "4170722e174eec1185f12b5871b7caf4d5da7042",
          "version": "1.2.0"
        }
      }
    ]
  },
  "version": 1
}
