// !$*UTF8*$!
{
	archiveVersion = 1;
	classes = {
	};
	objectVersion = 46;
	objects = {

/* Begin PBXBuildFile section */
		63206FFA1E75D2B600ACD30B /* IntervalType.swift in Sources */ = {isa = PBXBuildFile; fileRef = 63206FF91E75D2B600ACD30B /* IntervalType.swift */; };
		63206FFC1E75D2FA00ACD30B /* IntervalOperators.swift in Sources */ = {isa = PBXBuildFile; fileRef = 63206FFB1E75D2FA00ACD30B /* IntervalOperators.swift */; };
		63206FFD1E75D2FE00ACD30B /* IntervalType.swift in Sources */ = {isa = PBXBuildFile; fileRef = 63206FF91E75D2B600ACD30B /* IntervalType.swift */; };
		63206FFE1E75D2FE00ACD30B /* IntervalOperators.swift in Sources */ = {isa = PBXBuildFile; fileRef = 63206FFB1E75D2FA00ACD30B /* IntervalOperators.swift */; };
		63206FFF1E75D2FE00ACD30B /* IntervalType.swift in Sources */ = {isa = PBXBuildFile; fileRef = 63206FF91E75D2B600ACD30B /* IntervalType.swift */; };
		632070001E75D2FE00ACD30B /* IntervalOperators.swift in Sources */ = {isa = PBXBuildFile; fileRef = 63206FFB1E75D2FA00ACD30B /* IntervalOperators.swift */; };
		632070031E75D2FF00ACD30B /* IntervalType.swift in Sources */ = {isa = PBXBuildFile; fileRef = 63206FF91E75D2B600ACD30B /* IntervalType.swift */; };
		632070041E75D2FF00ACD30B /* IntervalOperators.swift in Sources */ = {isa = PBXBuildFile; fileRef = 63206FFB1E75D2FA00ACD30B /* IntervalOperators.swift */; };
		632070051E75D2FF00ACD30B /* IntervalType.swift in Sources */ = {isa = PBXBuildFile; fileRef = 63206FF91E75D2B600ACD30B /* IntervalType.swift */; };
		632070061E75D2FF00ACD30B /* IntervalOperators.swift in Sources */ = {isa = PBXBuildFile; fileRef = 63206FFB1E75D2FA00ACD30B /* IntervalOperators.swift */; };
		632070081E75D31900ACD30B /* AbstractInterval.swift in Sources */ = {isa = PBXBuildFile; fileRef = 632070071E75D31900ACD30B /* AbstractInterval.swift */; };
		632070091E75D31E00ACD30B /* AbstractInterval.swift in Sources */ = {isa = PBXBuildFile; fileRef = 632070071E75D31900ACD30B /* AbstractInterval.swift */; };
		6320700A1E75D31E00ACD30B /* AbstractInterval.swift in Sources */ = {isa = PBXBuildFile; fileRef = 632070071E75D31900ACD30B /* AbstractInterval.swift */; };
		6320700B1E75D31F00ACD30B /* AbstractInterval.swift in Sources */ = {isa = PBXBuildFile; fileRef = 632070071E75D31900ACD30B /* AbstractInterval.swift */; };
		6320700C1E75D31F00ACD30B /* AbstractInterval.swift in Sources */ = {isa = PBXBuildFile; fileRef = 632070071E75D31900ACD30B /* AbstractInterval.swift */; };
		6320700F1E75D34200ACD30B /* ExpressibleByIntervalTuple.swift in Sources */ = {isa = PBXBuildFile; fileRef = 6320700E1E75D34200ACD30B /* ExpressibleByIntervalTuple.swift */; };
		632070101E75D34200ACD30B /* ExpressibleByIntervalTuple.swift in Sources */ = {isa = PBXBuildFile; fileRef = 6320700E1E75D34200ACD30B /* ExpressibleByIntervalTuple.swift */; };
		632070111E75D34200ACD30B /* ExpressibleByIntervalTuple.swift in Sources */ = {isa = PBXBuildFile; fileRef = 6320700E1E75D34200ACD30B /* ExpressibleByIntervalTuple.swift */; };
		632070121E75D34200ACD30B /* ExpressibleByIntervalTuple.swift in Sources */ = {isa = PBXBuildFile; fileRef = 6320700E1E75D34200ACD30B /* ExpressibleByIntervalTuple.swift */; };
		632070131E75D34200ACD30B /* ExpressibleByIntervalTuple.swift in Sources */ = {isa = PBXBuildFile; fileRef = 6320700E1E75D34200ACD30B /* ExpressibleByIntervalTuple.swift */; };
		632070151E75D35500ACD30B /* ExpressibleByIntervalArray.swift in Sources */ = {isa = PBXBuildFile; fileRef = 632070141E75D35500ACD30B /* ExpressibleByIntervalArray.swift */; };
		632070161E75D35500ACD30B /* ExpressibleByIntervalArray.swift in Sources */ = {isa = PBXBuildFile; fileRef = 632070141E75D35500ACD30B /* ExpressibleByIntervalArray.swift */; };
		632070171E75D35500ACD30B /* ExpressibleByIntervalArray.swift in Sources */ = {isa = PBXBuildFile; fileRef = 632070141E75D35500ACD30B /* ExpressibleByIntervalArray.swift */; };
		632070181E75D35500ACD30B /* ExpressibleByIntervalArray.swift in Sources */ = {isa = PBXBuildFile; fileRef = 632070141E75D35500ACD30B /* ExpressibleByIntervalArray.swift */; };
		632070191E75D35500ACD30B /* ExpressibleByIntervalArray.swift in Sources */ = {isa = PBXBuildFile; fileRef = 632070141E75D35500ACD30B /* ExpressibleByIntervalArray.swift */; };
		6320701B1E75D36300ACD30B /* ExpressibleByClosedRange.swift in Sources */ = {isa = PBXBuildFile; fileRef = 6320701A1E75D36300ACD30B /* ExpressibleByClosedRange.swift */; };
		6320701C1E75D36300ACD30B /* ExpressibleByClosedRange.swift in Sources */ = {isa = PBXBuildFile; fileRef = 6320701A1E75D36300ACD30B /* ExpressibleByClosedRange.swift */; };
		6320701D1E75D36300ACD30B /* ExpressibleByClosedRange.swift in Sources */ = {isa = PBXBuildFile; fileRef = 6320701A1E75D36300ACD30B /* ExpressibleByClosedRange.swift */; };
		6320701E1E75D36300ACD30B /* ExpressibleByClosedRange.swift in Sources */ = {isa = PBXBuildFile; fileRef = 6320701A1E75D36300ACD30B /* ExpressibleByClosedRange.swift */; };
		6320701F1E75D36300ACD30B /* ExpressibleByClosedRange.swift in Sources */ = {isa = PBXBuildFile; fileRef = 6320701A1E75D36300ACD30B /* ExpressibleByClosedRange.swift */; };
		632070211E75D37400ACD30B /* ExpressibleByRange.swift in Sources */ = {isa = PBXBuildFile; fileRef = 632070201E75D37400ACD30B /* ExpressibleByRange.swift */; };
		632070221E75D37400ACD30B /* ExpressibleByRange.swift in Sources */ = {isa = PBXBuildFile; fileRef = 632070201E75D37400ACD30B /* ExpressibleByRange.swift */; };
		632070231E75D37400ACD30B /* ExpressibleByRange.swift in Sources */ = {isa = PBXBuildFile; fileRef = 632070201E75D37400ACD30B /* ExpressibleByRange.swift */; };
		632070241E75D37400ACD30B /* ExpressibleByRange.swift in Sources */ = {isa = PBXBuildFile; fileRef = 632070201E75D37400ACD30B /* ExpressibleByRange.swift */; };
		632070251E75D37400ACD30B /* ExpressibleByRange.swift in Sources */ = {isa = PBXBuildFile; fileRef = 632070201E75D37400ACD30B /* ExpressibleByRange.swift */; };
		632070271E75D39200ACD30B /* IntervalBound.swift in Sources */ = {isa = PBXBuildFile; fileRef = 632070261E75D39200ACD30B /* IntervalBound.swift */; };
		632070281E75D39200ACD30B /* IntervalBound.swift in Sources */ = {isa = PBXBuildFile; fileRef = 632070261E75D39200ACD30B /* IntervalBound.swift */; };
		632070291E75D39200ACD30B /* IntervalBound.swift in Sources */ = {isa = PBXBuildFile; fileRef = 632070261E75D39200ACD30B /* IntervalBound.swift */; };
		6320702A1E75D39200ACD30B /* IntervalBound.swift in Sources */ = {isa = PBXBuildFile; fileRef = 632070261E75D39200ACD30B /* IntervalBound.swift */; };
		6320702B1E75D39200ACD30B /* IntervalBound.swift in Sources */ = {isa = PBXBuildFile; fileRef = 632070261E75D39200ACD30B /* IntervalBound.swift */; };
		632070331E75D3FF00ACD30B /* IntervalTests.swift in Sources */ = {isa = PBXBuildFile; fileRef = 632070321E75D3FF00ACD30B /* IntervalTests.swift */; };
		6320703A1E75D4D400ACD30B /* Interval.swift in Sources */ = {isa = PBXBuildFile; fileRef = 632070391E75D4D400ACD30B /* Interval.swift */; };
		6320703B1E75D4D400ACD30B /* Interval.swift in Sources */ = {isa = PBXBuildFile; fileRef = 632070391E75D4D400ACD30B /* Interval.swift */; };
		6320703C1E75D4D400ACD30B /* Interval.swift in Sources */ = {isa = PBXBuildFile; fileRef = 632070391E75D4D400ACD30B /* Interval.swift */; };
		6320703D1E75D4D400ACD30B /* Interval.swift in Sources */ = {isa = PBXBuildFile; fileRef = 632070391E75D4D400ACD30B /* Interval.swift */; };
		6320703E1E75D4D400ACD30B /* Interval.swift in Sources */ = {isa = PBXBuildFile; fileRef = 632070391E75D4D400ACD30B /* Interval.swift */; };
		63252C701E59AC1A00324B66 /* GenericTrigonometry.swift in Sources */ = {isa = PBXBuildFile; fileRef = 63252C6B1E59AC0E00324B66 /* GenericTrigonometry.swift */; };
		63252C761E59CABC00324B66 /* Radian+Trigonometry.swift in Sources */ = {isa = PBXBuildFile; fileRef = 63252C711E59BDB200324B66 /* Radian+Trigonometry.swift */; };
		63252C7C1E59DECE00324B66 /* AngleType.swift in Sources */ = {isa = PBXBuildFile; fileRef = 63252C771E59D5D400324B66 /* AngleType.swift */; };
		63252D331E5A3B6400324B66 /* DLAngle_iOS.h in Headers */ = {isa = PBXBuildFile; fileRef = 63252D311E5A3B6400324B66 /* DLAngle_iOS.h */; settings = {ATTRIBUTES = (Public, ); }; };
		63252D401E5A3B7600324B66 /* DLAngle_watchOS.h in Headers */ = {isa = PBXBuildFile; fileRef = 63252D3E1E5A3B7600324B66 /* DLAngle_watchOS.h */; settings = {ATTRIBUTES = (Public, ); }; };
		63252D4D1E5A3B8800324B66 /* DLAngle_tvOS.h in Headers */ = {isa = PBXBuildFile; fileRef = 63252D4B1E5A3B8800324B66 /* DLAngle_tvOS.h */; settings = {ATTRIBUTES = (Public, ); }; };
		63252D5A1E5A3BA600324B66 /* DLAngle_macOS.h in Headers */ = {isa = PBXBuildFile; fileRef = 63252D581E5A3BA600324B66 /* DLAngle_macOS.h */; settings = {ATTRIBUTES = (Public, ); }; };
		63252D5E1E5A3BCE00324B66 /* Angle.swift in Sources */ = {isa = PBXBuildFile; fileRef = 639D79891E58898A008D10EF /* Angle.swift */; };
		63252D5F1E5A3BCE00324B66 /* AngleType.swift in Sources */ = {isa = PBXBuildFile; fileRef = 63252C771E59D5D400324B66 /* AngleType.swift */; };
		63252D601E5A3BCE00324B66 /* Degree.swift in Sources */ = {isa = PBXBuildFile; fileRef = 639D798B1E58898A008D10EF /* Degree.swift */; };
		63252D611E5A3BCE00324B66 /* Radian.swift in Sources */ = {isa = PBXBuildFile; fileRef = 639D798D1E58898A008D10EF /* Radian.swift */; };
		63252D621E5A3BCE00324B66 /* Radian+Trigonometry.swift in Sources */ = {isa = PBXBuildFile; fileRef = 63252C711E59BDB200324B66 /* Radian+Trigonometry.swift */; };
		63252D631E5A3BCE00324B66 /* Trigonometry.swift in Sources */ = {isa = PBXBuildFile; fileRef = 639D79F51E58D426008D10EF /* Trigonometry.swift */; };
		63252D641E5A3BCE00324B66 /* GenericTrigonometry.swift in Sources */ = {isa = PBXBuildFile; fileRef = 63252C6B1E59AC0E00324B66 /* GenericTrigonometry.swift */; };
		63252D651E5A3BCE00324B66 /* Angle.swift in Sources */ = {isa = PBXBuildFile; fileRef = 639D79891E58898A008D10EF /* Angle.swift */; };
		63252D661E5A3BCE00324B66 /* AngleType.swift in Sources */ = {isa = PBXBuildFile; fileRef = 63252C771E59D5D400324B66 /* AngleType.swift */; };
		63252D671E5A3BCE00324B66 /* Degree.swift in Sources */ = {isa = PBXBuildFile; fileRef = 639D798B1E58898A008D10EF /* Degree.swift */; };
		63252D681E5A3BCE00324B66 /* Radian.swift in Sources */ = {isa = PBXBuildFile; fileRef = 639D798D1E58898A008D10EF /* Radian.swift */; };
		63252D691E5A3BCE00324B66 /* Radian+Trigonometry.swift in Sources */ = {isa = PBXBuildFile; fileRef = 63252C711E59BDB200324B66 /* Radian+Trigonometry.swift */; };
		63252D6A1E5A3BCE00324B66 /* Trigonometry.swift in Sources */ = {isa = PBXBuildFile; fileRef = 639D79F51E58D426008D10EF /* Trigonometry.swift */; };
		63252D6B1E5A3BCE00324B66 /* GenericTrigonometry.swift in Sources */ = {isa = PBXBuildFile; fileRef = 63252C6B1E59AC0E00324B66 /* GenericTrigonometry.swift */; };
		63252D6C1E5A3BCF00324B66 /* Angle.swift in Sources */ = {isa = PBXBuildFile; fileRef = 639D79891E58898A008D10EF /* Angle.swift */; };
		63252D6D1E5A3BCF00324B66 /* AngleType.swift in Sources */ = {isa = PBXBuildFile; fileRef = 63252C771E59D5D400324B66 /* AngleType.swift */; };
		63252D6E1E5A3BCF00324B66 /* Degree.swift in Sources */ = {isa = PBXBuildFile; fileRef = 639D798B1E58898A008D10EF /* Degree.swift */; };
		63252D6F1E5A3BCF00324B66 /* Radian.swift in Sources */ = {isa = PBXBuildFile; fileRef = 639D798D1E58898A008D10EF /* Radian.swift */; };
		63252D701E5A3BCF00324B66 /* Radian+Trigonometry.swift in Sources */ = {isa = PBXBuildFile; fileRef = 63252C711E59BDB200324B66 /* Radian+Trigonometry.swift */; };
		63252D711E5A3BCF00324B66 /* Trigonometry.swift in Sources */ = {isa = PBXBuildFile; fileRef = 639D79F51E58D426008D10EF /* Trigonometry.swift */; };
		63252D721E5A3BCF00324B66 /* GenericTrigonometry.swift in Sources */ = {isa = PBXBuildFile; fileRef = 63252C6B1E59AC0E00324B66 /* GenericTrigonometry.swift */; };
		63252D731E5A3BCF00324B66 /* Angle.swift in Sources */ = {isa = PBXBuildFile; fileRef = 639D79891E58898A008D10EF /* Angle.swift */; };
		63252D741E5A3BCF00324B66 /* AngleType.swift in Sources */ = {isa = PBXBuildFile; fileRef = 63252C771E59D5D400324B66 /* AngleType.swift */; };
		63252D751E5A3BCF00324B66 /* Degree.swift in Sources */ = {isa = PBXBuildFile; fileRef = 639D798B1E58898A008D10EF /* Degree.swift */; };
		63252D761E5A3BCF00324B66 /* Radian.swift in Sources */ = {isa = PBXBuildFile; fileRef = 639D798D1E58898A008D10EF /* Radian.swift */; };
		63252D771E5A3BCF00324B66 /* Radian+Trigonometry.swift in Sources */ = {isa = PBXBuildFile; fileRef = 63252C711E59BDB200324B66 /* Radian+Trigonometry.swift */; };
		63252D781E5A3BCF00324B66 /* Trigonometry.swift in Sources */ = {isa = PBXBuildFile; fileRef = 639D79F51E58D426008D10EF /* Trigonometry.swift */; };
		63252D791E5A3BCF00324B66 /* GenericTrigonometry.swift in Sources */ = {isa = PBXBuildFile; fileRef = 63252C6B1E59AC0E00324B66 /* GenericTrigonometry.swift */; };
		639D7A0F1E58DADF008D10EF /* AngleTests.swift in Sources */ = {isa = PBXBuildFile; fileRef = 639D7A0E1E58DADF008D10EF /* AngleTests.swift */; };
		639D7A101E58DB4D008D10EF /* Angle.swift in Sources */ = {isa = PBXBuildFile; fileRef = 639D79891E58898A008D10EF /* Angle.swift */; };
		639D7A121E58DB4D008D10EF /* Degree.swift in Sources */ = {isa = PBXBuildFile; fileRef = 639D798B1E58898A008D10EF /* Degree.swift */; };
		639D7A131E58DB4D008D10EF /* Radian.swift in Sources */ = {isa = PBXBuildFile; fileRef = 639D798D1E58898A008D10EF /* Radian.swift */; };
		639D7A141E58DB4D008D10EF /* Trigonometry.swift in Sources */ = {isa = PBXBuildFile; fileRef = 639D79F51E58D426008D10EF /* Trigonometry.swift */; };
		639D7A161E58DE2B008D10EF /* DegreeTests.swift in Sources */ = {isa = PBXBuildFile; fileRef = 639D7A151E58DE2B008D10EF /* DegreeTests.swift */; };
		639D7A181E58F1E6008D10EF /* RadianTests.swift in Sources */ = {isa = PBXBuildFile; fileRef = 639D7A171E58F1E6008D10EF /* RadianTests.swift */; };
		63F6872F1E74016800E6CA13 /* AngleError.swift in Sources */ = {isa = PBXBuildFile; fileRef = 63F6872E1E74016800E6CA13 /* AngleError.swift */; };
		63F687301E74016800E6CA13 /* AngleError.swift in Sources */ = {isa = PBXBuildFile; fileRef = 63F6872E1E74016800E6CA13 /* AngleError.swift */; };
		63F687311E74016800E6CA13 /* AngleError.swift in Sources */ = {isa = PBXBuildFile; fileRef = 63F6872E1E74016800E6CA13 /* AngleError.swift */; };
		63F687321E74016800E6CA13 /* AngleError.swift in Sources */ = {isa = PBXBuildFile; fileRef = 63F6872E1E74016800E6CA13 /* AngleError.swift */; };
		63F687341E7402D700E6CA13 /* ArgumentsChecker.swift in Sources */ = {isa = PBXBuildFile; fileRef = 63F687331E7402D700E6CA13 /* ArgumentsChecker.swift */; };
		63F687351E7402D700E6CA13 /* ArgumentsChecker.swift in Sources */ = {isa = PBXBuildFile; fileRef = 63F687331E7402D700E6CA13 /* ArgumentsChecker.swift */; };
		63F687361E7402D700E6CA13 /* ArgumentsChecker.swift in Sources */ = {isa = PBXBuildFile; fileRef = 63F687331E7402D700E6CA13 /* ArgumentsChecker.swift */; };
		63F687371E7402D700E6CA13 /* ArgumentsChecker.swift in Sources */ = {isa = PBXBuildFile; fileRef = 63F687331E7402D700E6CA13 /* ArgumentsChecker.swift */; };
		63F687391E74055400E6CA13 /* TrigonometricArgumentsChecker.swift in Sources */ = {isa = PBXBuildFile; fileRef = 63F687381E74055400E6CA13 /* TrigonometricArgumentsChecker.swift */; };
		63F6873A1E74055400E6CA13 /* TrigonometricArgumentsChecker.swift in Sources */ = {isa = PBXBuildFile; fileRef = 63F687381E74055400E6CA13 /* TrigonometricArgumentsChecker.swift */; };
		63F6873B1E74055400E6CA13 /* TrigonometricArgumentsChecker.swift in Sources */ = {isa = PBXBuildFile; fileRef = 63F687381E74055400E6CA13 /* TrigonometricArgumentsChecker.swift */; };
		63F6873C1E74055400E6CA13 /* TrigonometricArgumentsChecker.swift in Sources */ = {isa = PBXBuildFile; fileRef = 63F687381E74055400E6CA13 /* TrigonometricArgumentsChecker.swift */; };
		63F6873D1E74318000E6CA13 /* AngleError.swift in Sources */ = {isa = PBXBuildFile; fileRef = 63F6872E1E74016800E6CA13 /* AngleError.swift */; };
		63F6873E1E74318000E6CA13 /* ArgumentsChecker.swift in Sources */ = {isa = PBXBuildFile; fileRef = 63F687331E7402D700E6CA13 /* ArgumentsChecker.swift */; };
		63F6873F1E74318000E6CA13 /* TrigonometricArgumentsChecker.swift in Sources */ = {isa = PBXBuildFile; fileRef = 63F687381E74055400E6CA13 /* TrigonometricArgumentsChecker.swift */; };
		63F687411E74348100E6CA13 /* ArgumentsCheckerTests.swift in Sources */ = {isa = PBXBuildFile; fileRef = 63F687401E74348100E6CA13 /* ArgumentsCheckerTests.swift */; };
		63F687431E74349200E6CA13 /* TrigonometricArgumentsCheckerTests.swift in Sources */ = {isa = PBXBuildFile; fileRef = 63F687421E74349200E6CA13 /* TrigonometricArgumentsCheckerTests.swift */; };
		63F7BE2B1E58F84400708BAF /* TrigonometryFunctionsTest.swift in Sources */ = {isa = PBXBuildFile; fileRef = 63F7BE2A1E58F84400708BAF /* TrigonometryFunctionsTest.swift */; };
/* End PBXBuildFile section */

/* Begin PBXFileReference section */
		63206FF91E75D2B600ACD30B /* IntervalType.swift */ = {isa = PBXFileReference; fileEncoding = 4; lastKnownFileType = sourcecode.swift; path = IntervalType.swift; sourceTree = "<group>"; };
		63206FFB1E75D2FA00ACD30B /* IntervalOperators.swift */ = {isa = PBXFileReference; fileEncoding = 4; lastKnownFileType = sourcecode.swift; path = IntervalOperators.swift; sourceTree = "<group>"; };
		632070071E75D31900ACD30B /* AbstractInterval.swift */ = {isa = PBXFileReference; fileEncoding = 4; lastKnownFileType = sourcecode.swift; path = AbstractInterval.swift; sourceTree = "<group>"; };
		6320700E1E75D34200ACD30B /* ExpressibleByIntervalTuple.swift */ = {isa = PBXFileReference; fileEncoding = 4; lastKnownFileType = sourcecode.swift; path = ExpressibleByIntervalTuple.swift; sourceTree = "<group>"; };
		632070141E75D35500ACD30B /* ExpressibleByIntervalArray.swift */ = {isa = PBXFileReference; fileEncoding = 4; lastKnownFileType = sourcecode.swift; path = ExpressibleByIntervalArray.swift; sourceTree = "<group>"; };
		6320701A1E75D36300ACD30B /* ExpressibleByClosedRange.swift */ = {isa = PBXFileReference; fileEncoding = 4; lastKnownFileType = sourcecode.swift; path = ExpressibleByClosedRange.swift; sourceTree = "<group>"; };
		632070201E75D37400ACD30B /* ExpressibleByRange.swift */ = {isa = PBXFileReference; fileEncoding = 4; lastKnownFileType = sourcecode.swift; path = ExpressibleByRange.swift; sourceTree = "<group>"; };
		632070261E75D39200ACD30B /* IntervalBound.swift */ = {isa = PBXFileReference; fileEncoding = 4; lastKnownFileType = sourcecode.swift; path = IntervalBound.swift; sourceTree = "<group>"; };
		632070321E75D3FF00ACD30B /* IntervalTests.swift */ = {isa = PBXFileReference; fileEncoding = 4; lastKnownFileType = sourcecode.swift; path = IntervalTests.swift; sourceTree = "<group>"; };
		632070391E75D4D400ACD30B /* Interval.swift */ = {isa = PBXFileReference; fileEncoding = 4; lastKnownFileType = sourcecode.swift; path = Interval.swift; sourceTree = "<group>"; };
		63252C6B1E59AC0E00324B66 /* GenericTrigonometry.swift */ = {isa = PBXFileReference; fileEncoding = 4; lastKnownFileType = sourcecode.swift; path = GenericTrigonometry.swift; sourceTree = "<group>"; };
		63252C711E59BDB200324B66 /* Radian+Trigonometry.swift */ = {isa = PBXFileReference; fileEncoding = 4; lastKnownFileType = sourcecode.swift; path = "Radian+Trigonometry.swift"; sourceTree = "<group>"; };
		63252C771E59D5D400324B66 /* AngleType.swift */ = {isa = PBXFileReference; fileEncoding = 4; lastKnownFileType = sourcecode.swift; path = AngleType.swift; sourceTree = "<group>"; };
		63252D2F1E5A3B6400324B66 /* DLAngle_iOS.framework */ = {isa = PBXFileReference; explicitFileType = wrapper.framework; includeInIndex = 0; path = DLAngle_iOS.framework; sourceTree = BUILT_PRODUCTS_DIR; };
		63252D311E5A3B6400324B66 /* DLAngle_iOS.h */ = {isa = PBXFileReference; lastKnownFileType = sourcecode.c.h; path = DLAngle_iOS.h; sourceTree = "<group>"; };
		63252D321E5A3B6400324B66 /* Info.plist */ = {isa = PBXFileReference; lastKnownFileType = text.plist.xml; path = Info.plist; sourceTree = "<group>"; };
		63252D3C1E5A3B7600324B66 /* DLAngle_watchOS.framework */ = {isa = PBXFileReference; explicitFileType = wrapper.framework; includeInIndex = 0; path = DLAngle_watchOS.framework; sourceTree = BUILT_PRODUCTS_DIR; };
		63252D3E1E5A3B7600324B66 /* DLAngle_watchOS.h */ = {isa = PBXFileReference; lastKnownFileType = sourcecode.c.h; path = DLAngle_watchOS.h; sourceTree = "<group>"; };
		63252D3F1E5A3B7600324B66 /* Info.plist */ = {isa = PBXFileReference; lastKnownFileType = text.plist.xml; path = Info.plist; sourceTree = "<group>"; };
		63252D491E5A3B8800324B66 /* DLAngle_tvOS.framework */ = {isa = PBXFileReference; explicitFileType = wrapper.framework; includeInIndex = 0; path = DLAngle_tvOS.framework; sourceTree = BUILT_PRODUCTS_DIR; };
		63252D4B1E5A3B8800324B66 /* DLAngle_tvOS.h */ = {isa = PBXFileReference; lastKnownFileType = sourcecode.c.h; path = DLAngle_tvOS.h; sourceTree = "<group>"; };
		63252D4C1E5A3B8800324B66 /* Info.plist */ = {isa = PBXFileReference; lastKnownFileType = text.plist.xml; path = Info.plist; sourceTree = "<group>"; };
		63252D561E5A3BA600324B66 /* DLAngle_macOS.framework */ = {isa = PBXFileReference; explicitFileType = wrapper.framework; includeInIndex = 0; path = DLAngle_macOS.framework; sourceTree = BUILT_PRODUCTS_DIR; };
		63252D581E5A3BA600324B66 /* DLAngle_macOS.h */ = {isa = PBXFileReference; lastKnownFileType = sourcecode.c.h; path = DLAngle_macOS.h; sourceTree = "<group>"; };
		63252D591E5A3BA600324B66 /* Info.plist */ = {isa = PBXFileReference; lastKnownFileType = text.plist.xml; path = Info.plist; sourceTree = "<group>"; };
		639D79891E58898A008D10EF /* Angle.swift */ = {isa = PBXFileReference; fileEncoding = 4; lastKnownFileType = sourcecode.swift; path = Angle.swift; sourceTree = "<group>"; };
		639D798B1E58898A008D10EF /* Degree.swift */ = {isa = PBXFileReference; fileEncoding = 4; lastKnownFileType = sourcecode.swift; path = Degree.swift; sourceTree = "<group>"; };
		639D798D1E58898A008D10EF /* Radian.swift */ = {isa = PBXFileReference; fileEncoding = 4; lastKnownFileType = sourcecode.swift; path = Radian.swift; sourceTree = "<group>"; };
		639D79F51E58D426008D10EF /* Trigonometry.swift */ = {isa = PBXFileReference; fileEncoding = 4; lastKnownFileType = sourcecode.swift; path = Trigonometry.swift; sourceTree = "<group>"; };
		639D7A031E58DAB1008D10EF /* DLAngleiOSTests.xctest */ = {isa = PBXFileReference; explicitFileType = wrapper.cfbundle; includeInIndex = 0; path = DLAngleiOSTests.xctest; sourceTree = BUILT_PRODUCTS_DIR; };
		639D7A071E58DAB2008D10EF /* Info.plist */ = {isa = PBXFileReference; lastKnownFileType = text.plist.xml; path = Info.plist; sourceTree = "<group>"; };
		639D7A0E1E58DADF008D10EF /* AngleTests.swift */ = {isa = PBXFileReference; fileEncoding = 4; lastKnownFileType = sourcecode.swift; path = AngleTests.swift; sourceTree = "<group>"; };
		639D7A151E58DE2B008D10EF /* DegreeTests.swift */ = {isa = PBXFileReference; fileEncoding = 4; lastKnownFileType = sourcecode.swift; path = DegreeTests.swift; sourceTree = "<group>"; };
		639D7A171E58F1E6008D10EF /* RadianTests.swift */ = {isa = PBXFileReference; fileEncoding = 4; lastKnownFileType = sourcecode.swift; path = RadianTests.swift; sourceTree = "<group>"; };
		63F6872E1E74016800E6CA13 /* AngleError.swift */ = {isa = PBXFileReference; fileEncoding = 4; lastKnownFileType = sourcecode.swift; path = AngleError.swift; sourceTree = "<group>"; };
		63F687331E7402D700E6CA13 /* ArgumentsChecker.swift */ = {isa = PBXFileReference; fileEncoding = 4; lastKnownFileType = sourcecode.swift; path = ArgumentsChecker.swift; sourceTree = "<group>"; };
		63F687381E74055400E6CA13 /* TrigonometricArgumentsChecker.swift */ = {isa = PBXFileReference; fileEncoding = 4; lastKnownFileType = sourcecode.swift; path = TrigonometricArgumentsChecker.swift; sourceTree = "<group>"; };
		63F687401E74348100E6CA13 /* ArgumentsCheckerTests.swift */ = {isa = PBXFileReference; fileEncoding = 4; lastKnownFileType = sourcecode.swift; path = ArgumentsCheckerTests.swift; sourceTree = "<group>"; };
		63F687421E74349200E6CA13 /* TrigonometricArgumentsCheckerTests.swift */ = {isa = PBXFileReference; fileEncoding = 4; lastKnownFileType = sourcecode.swift; path = TrigonometricArgumentsCheckerTests.swift; sourceTree = "<group>"; };
		63F7BE2A1E58F84400708BAF /* TrigonometryFunctionsTest.swift */ = {isa = PBXFileReference; fileEncoding = 4; lastKnownFileType = sourcecode.swift; path = TrigonometryFunctionsTest.swift; sourceTree = "<group>"; };
/* End PBXFileReference section */

/* Begin PBXFrameworksBuildPhase section */
		63252D2B1E5A3B6400324B66 /* Frameworks */ = {
			isa = PBXFrameworksBuildPhase;
			buildActionMask = 2147483647;
			files = (
			);
			runOnlyForDeploymentPostprocessing = 0;
		};
		63252D381E5A3B7600324B66 /* Frameworks */ = {
			isa = PBXFrameworksBuildPhase;
			buildActionMask = 2147483647;
			files = (
			);
			runOnlyForDeploymentPostprocessing = 0;
		};
		63252D451E5A3B8800324B66 /* Frameworks */ = {
			isa = PBXFrameworksBuildPhase;
			buildActionMask = 2147483647;
			files = (
			);
			runOnlyForDeploymentPostprocessing = 0;
		};
		63252D521E5A3BA600324B66 /* Frameworks */ = {
			isa = PBXFrameworksBuildPhase;
			buildActionMask = 2147483647;
			files = (
			);
			runOnlyForDeploymentPostprocessing = 0;
		};
		639D7A001E58DAB1008D10EF /* Frameworks */ = {
			isa = PBXFrameworksBuildPhase;
			buildActionMask = 2147483647;
			files = (
			);
			runOnlyForDeploymentPostprocessing = 0;
		};
/* End PBXFrameworksBuildPhase section */

/* Begin PBXGroup section */
		63206FF81E75D28F00ACD30B /* Interval */ = {
			isa = PBXGroup;
			children = (
				6320700D1E75D33000ACD30B /* Protocols */,
				63206FF91E75D2B600ACD30B /* IntervalType.swift */,
				63206FFB1E75D2FA00ACD30B /* IntervalOperators.swift */,
				632070071E75D31900ACD30B /* AbstractInterval.swift */,
				632070261E75D39200ACD30B /* IntervalBound.swift */,
				632070391E75D4D400ACD30B /* Interval.swift */,
			);
			name = Interval;
			sourceTree = "<group>";
		};
		6320700D1E75D33000ACD30B /* Protocols */ = {
			isa = PBXGroup;
			children = (
				6320700E1E75D34200ACD30B /* ExpressibleByIntervalTuple.swift */,
				632070141E75D35500ACD30B /* ExpressibleByIntervalArray.swift */,
				6320701A1E75D36300ACD30B /* ExpressibleByClosedRange.swift */,
				632070201E75D37400ACD30B /* ExpressibleByRange.swift */,
			);
			name = Protocols;
			sourceTree = "<group>";
		};
		63252D301E5A3B6400324B66 /* DLAngle_iOS */ = {
			isa = PBXGroup;
			children = (
				63252D311E5A3B6400324B66 /* DLAngle_iOS.h */,
				63252D321E5A3B6400324B66 /* Info.plist */,
			);
			path = DLAngle_iOS;
			sourceTree = "<group>";
		};
		63252D3D1E5A3B7600324B66 /* DLAngle_watchOS */ = {
			isa = PBXGroup;
			children = (
				63252D3E1E5A3B7600324B66 /* DLAngle_watchOS.h */,
				63252D3F1E5A3B7600324B66 /* Info.plist */,
			);
			path = DLAngle_watchOS;
			sourceTree = "<group>";
		};
		63252D4A1E5A3B8800324B66 /* DLAngle_tvOS */ = {
			isa = PBXGroup;
			children = (
				63252D4B1E5A3B8800324B66 /* DLAngle_tvOS.h */,
				63252D4C1E5A3B8800324B66 /* Info.plist */,
			);
			path = DLAngle_tvOS;
			sourceTree = "<group>";
		};
		63252D571E5A3BA600324B66 /* DLAngle_macOS */ = {
			isa = PBXGroup;
			children = (
				63252D581E5A3BA600324B66 /* DLAngle_macOS.h */,
				63252D591E5A3BA600324B66 /* Info.plist */,
			);
			path = DLAngle_macOS;
			sourceTree = "<group>";
		};
		639D79321E588865008D10EF = {
			isa = PBXGroup;
			children = (
				639D793E1E588865008D10EF /* DLAngle */,
				63252D301E5A3B6400324B66 /* DLAngle_iOS */,
				63252D3D1E5A3B7600324B66 /* DLAngle_watchOS */,
				63252D4A1E5A3B8800324B66 /* DLAngle_tvOS */,
				63252D571E5A3BA600324B66 /* DLAngle_macOS */,
				639D7A041E58DAB2008D10EF /* DLAngleiOSTests */,
				639D793D1E588865008D10EF /* Products */,
			);
			sourceTree = "<group>";
		};
		639D793D1E588865008D10EF /* Products */ = {
			isa = PBXGroup;
			children = (
				639D7A031E58DAB1008D10EF /* DLAngleiOSTests.xctest */,
				63252D2F1E5A3B6400324B66 /* DLAngle_iOS.framework */,
				63252D3C1E5A3B7600324B66 /* DLAngle_watchOS.framework */,
				63252D491E5A3B8800324B66 /* DLAngle_tvOS.framework */,
				63252D561E5A3BA600324B66 /* DLAngle_macOS.framework */,
			);
			name = Products;
			sourceTree = "<group>";
		};
		639D793E1E588865008D10EF /* DLAngle */ = {
			isa = PBXGroup;
			children = (
				639D79881E58898A008D10EF /* Sources */,
			);
			path = DLAngle;
			sourceTree = "<group>";
		};
		639D79881E58898A008D10EF /* Sources */ = {
			isa = PBXGroup;
			children = (
				63206FF81E75D28F00ACD30B /* Interval */,
				639D79891E58898A008D10EF /* Angle.swift */,
				63252C771E59D5D400324B66 /* AngleType.swift */,
				639D798B1E58898A008D10EF /* Degree.swift */,
				639D798D1E58898A008D10EF /* Radian.swift */,
				63252C711E59BDB200324B66 /* Radian+Trigonometry.swift */,
				639D79F51E58D426008D10EF /* Trigonometry.swift */,
				63252C6B1E59AC0E00324B66 /* GenericTrigonometry.swift */,
				63F6872E1E74016800E6CA13 /* AngleError.swift */,
				63F687331E7402D700E6CA13 /* ArgumentsChecker.swift */,
				63F687381E74055400E6CA13 /* TrigonometricArgumentsChecker.swift */,
			);
			name = Sources;
			path = ../../Sources;
			sourceTree = "<group>";
		};
		639D7A041E58DAB2008D10EF /* DLAngleiOSTests */ = {
			isa = PBXGroup;
			children = (
				639D7A0E1E58DADF008D10EF /* AngleTests.swift */,
				639D7A151E58DE2B008D10EF /* DegreeTests.swift */,
				639D7A171E58F1E6008D10EF /* RadianTests.swift */,
				63F7BE2A1E58F84400708BAF /* TrigonometryFunctionsTest.swift */,
				63F687401E74348100E6CA13 /* ArgumentsCheckerTests.swift */,
				63F687421E74349200E6CA13 /* TrigonometricArgumentsCheckerTests.swift */,
				632070321E75D3FF00ACD30B /* IntervalTests.swift */,
				639D7A071E58DAB2008D10EF /* Info.plist */,
			);
			path = DLAngleiOSTests;
			sourceTree = "<group>";
		};
/* End PBXGroup section */

/* Begin PBXHeadersBuildPhase section */
		63252D2C1E5A3B6400324B66 /* Headers */ = {
			isa = PBXHeadersBuildPhase;
			buildActionMask = 2147483647;
			files = (
				63252D331E5A3B6400324B66 /* DLAngle_iOS.h in Headers */,
			);
			runOnlyForDeploymentPostprocessing = 0;
		};
		63252D391E5A3B7600324B66 /* Headers */ = {
			isa = PBXHeadersBuildPhase;
			buildActionMask = 2147483647;
			files = (
				63252D401E5A3B7600324B66 /* DLAngle_watchOS.h in Headers */,
			);
			runOnlyForDeploymentPostprocessing = 0;
		};
		63252D461E5A3B8800324B66 /* Headers */ = {
			isa = PBXHeadersBuildPhase;
			buildActionMask = 2147483647;
			files = (
				63252D4D1E5A3B8800324B66 /* DLAngle_tvOS.h in Headers */,
			);
			runOnlyForDeploymentPostprocessing = 0;
		};
		63252D531E5A3BA600324B66 /* Headers */ = {
			isa = PBXHeadersBuildPhase;
			buildActionMask = 2147483647;
			files = (
				63252D5A1E5A3BA600324B66 /* DLAngle_macOS.h in Headers */,
			);
			runOnlyForDeploymentPostprocessing = 0;
		};
/* End PBXHeadersBuildPhase section */

/* Begin PBXNativeTarget section */
		63252D2E1E5A3B6400324B66 /* DLAngle_iOS */ = {
			isa = PBXNativeTarget;
			buildConfigurationList = 63252D361E5A3B6500324B66 /* Build configuration list for PBXNativeTarget "DLAngle_iOS" */;
			buildPhases = (
				63252D2A1E5A3B6400324B66 /* Sources */,
				63252D2B1E5A3B6400324B66 /* Frameworks */,
				63252D2C1E5A3B6400324B66 /* Headers */,
				63252D2D1E5A3B6400324B66 /* Resources */,
			);
			buildRules = (
			);
			dependencies = (
			);
			name = DLAngle_iOS;
			productName = DLAngle_iOS;
			productReference = 63252D2F1E5A3B6400324B66 /* DLAngle_iOS.framework */;
			productType = "com.apple.product-type.framework";
		};
		63252D3B1E5A3B7600324B66 /* DLAngle_watchOS */ = {
			isa = PBXNativeTarget;
			buildConfigurationList = 63252D411E5A3B7600324B66 /* Build configuration list for PBXNativeTarget "DLAngle_watchOS" */;
			buildPhases = (
				63252D371E5A3B7600324B66 /* Sources */,
				63252D381E5A3B7600324B66 /* Frameworks */,
				63252D391E5A3B7600324B66 /* Headers */,
				63252D3A1E5A3B7600324B66 /* Resources */,
			);
			buildRules = (
			);
			dependencies = (
			);
			name = DLAngle_watchOS;
			productName = DLAngle_watchOS;
			productReference = 63252D3C1E5A3B7600324B66 /* DLAngle_watchOS.framework */;
			productType = "com.apple.product-type.framework";
		};
		63252D481E5A3B8800324B66 /* DLAngle_tvOS */ = {
			isa = PBXNativeTarget;
			buildConfigurationList = 63252D4E1E5A3B8800324B66 /* Build configuration list for PBXNativeTarget "DLAngle_tvOS" */;
			buildPhases = (
				63252D441E5A3B8800324B66 /* Sources */,
				63252D451E5A3B8800324B66 /* Frameworks */,
				63252D461E5A3B8800324B66 /* Headers */,
				63252D471E5A3B8800324B66 /* Resources */,
			);
			buildRules = (
			);
			dependencies = (
			);
			name = DLAngle_tvOS;
			productName = DLAngle_tvOS;
			productReference = 63252D491E5A3B8800324B66 /* DLAngle_tvOS.framework */;
			productType = "com.apple.product-type.framework";
		};
		63252D551E5A3BA600324B66 /* DLAngle_macOS */ = {
			isa = PBXNativeTarget;
			buildConfigurationList = 63252D5B1E5A3BA600324B66 /* Build configuration list for PBXNativeTarget "DLAngle_macOS" */;
			buildPhases = (
				63252D511E5A3BA600324B66 /* Sources */,
				63252D521E5A3BA600324B66 /* Frameworks */,
				63252D531E5A3BA600324B66 /* Headers */,
				63252D541E5A3BA600324B66 /* Resources */,
			);
			buildRules = (
			);
			dependencies = (
			);
			name = DLAngle_macOS;
			productName = DLAngle_macOS;
			productReference = 63252D561E5A3BA600324B66 /* DLAngle_macOS.framework */;
			productType = "com.apple.product-type.framework";
		};
		639D7A021E58DAB1008D10EF /* DLAngleiOSTests */ = {
			isa = PBXNativeTarget;
			buildConfigurationList = 639D7A0B1E58DAB2008D10EF /* Build configuration list for PBXNativeTarget "DLAngleiOSTests" */;
			buildPhases = (
				639D79FF1E58DAB1008D10EF /* Sources */,
				639D7A001E58DAB1008D10EF /* Frameworks */,
				639D7A011E58DAB1008D10EF /* Resources */,
			);
			buildRules = (
			);
			dependencies = (
			);
			name = DLAngleiOSTests;
			productName = DLAngleiOSTests;
			productReference = 639D7A031E58DAB1008D10EF /* DLAngleiOSTests.xctest */;
			productType = "com.apple.product-type.bundle.unit-test";
		};
/* End PBXNativeTarget section */

/* Begin PBXProject section */
		639D79331E588865008D10EF /* Project object */ = {
			isa = PBXProject;
			attributes = {
				LastSwiftUpdateCheck = 0820;
				LastUpgradeCheck = 0820;
				TargetAttributes = {
					63252D2E1E5A3B6400324B66 = {
						CreatedOnToolsVersion = 8.2.1;
						ProvisioningStyle = Automatic;
					};
					63252D3B1E5A3B7600324B66 = {
						CreatedOnToolsVersion = 8.2.1;
						ProvisioningStyle = Automatic;
					};
					63252D481E5A3B8800324B66 = {
						CreatedOnToolsVersion = 8.2.1;
						ProvisioningStyle = Automatic;
					};
					63252D551E5A3BA600324B66 = {
						CreatedOnToolsVersion = 8.2.1;
						ProvisioningStyle = Automatic;
					};
					639D7A021E58DAB1008D10EF = {
						CreatedOnToolsVersion = 8.2.1;
						ProvisioningStyle = Automatic;
					};
				};
			};
			buildConfigurationList = 639D79361E588865008D10EF /* Build configuration list for PBXProject "DLAngle" */;
			compatibilityVersion = "Xcode 3.2";
			developmentRegion = English;
			hasScannedForEncodings = 0;
			knownRegions = (
				en,
			);
			mainGroup = 639D79321E588865008D10EF;
			productRefGroup = 639D793D1E588865008D10EF /* Products */;
			projectDirPath = "";
			projectRoot = "";
			targets = (
				63252D2E1E5A3B6400324B66 /* DLAngle_iOS */,
				63252D3B1E5A3B7600324B66 /* DLAngle_watchOS */,
				63252D481E5A3B8800324B66 /* DLAngle_tvOS */,
				63252D551E5A3BA600324B66 /* DLAngle_macOS */,
				639D7A021E58DAB1008D10EF /* DLAngleiOSTests */,
			);
		};
/* End PBXProject section */

/* Begin PBXResourcesBuildPhase section */
		63252D2D1E5A3B6400324B66 /* Resources */ = {
			isa = PBXResourcesBuildPhase;
			buildActionMask = 2147483647;
			files = (
			);
			runOnlyForDeploymentPostprocessing = 0;
		};
		63252D3A1E5A3B7600324B66 /* Resources */ = {
			isa = PBXResourcesBuildPhase;
			buildActionMask = 2147483647;
			files = (
			);
			runOnlyForDeploymentPostprocessing = 0;
		};
		63252D471E5A3B8800324B66 /* Resources */ = {
			isa = PBXResourcesBuildPhase;
			buildActionMask = 2147483647;
			files = (
			);
			runOnlyForDeploymentPostprocessing = 0;
		};
		63252D541E5A3BA600324B66 /* Resources */ = {
			isa = PBXResourcesBuildPhase;
			buildActionMask = 2147483647;
			files = (
			);
			runOnlyForDeploymentPostprocessing = 0;
		};
		639D7A011E58DAB1008D10EF /* Resources */ = {
			isa = PBXResourcesBuildPhase;
			buildActionMask = 2147483647;
			files = (
			);
			runOnlyForDeploymentPostprocessing = 0;
		};
/* End PBXResourcesBuildPhase section */

/* Begin PBXSourcesBuildPhase section */
		63252D2A1E5A3B6400324B66 /* Sources */ = {
			isa = PBXSourcesBuildPhase;
			buildActionMask = 2147483647;
			files = (
				632070211E75D37400ACD30B /* ExpressibleByRange.swift in Sources */,
				63206FFA1E75D2B600ACD30B /* IntervalType.swift in Sources */,
				6320701B1E75D36300ACD30B /* ExpressibleByClosedRange.swift in Sources */,
				63252D5E1E5A3BCE00324B66 /* Angle.swift in Sources */,
				632070151E75D35500ACD30B /* ExpressibleByIntervalArray.swift in Sources */,
				63206FFC1E75D2FA00ACD30B /* IntervalOperators.swift in Sources */,
				63F687391E74055400E6CA13 /* TrigonometricArgumentsChecker.swift in Sources */,
				63252D641E5A3BCE00324B66 /* GenericTrigonometry.swift in Sources */,
				63252D601E5A3BCE00324B66 /* Degree.swift in Sources */,
				6320703A1E75D4D400ACD30B /* Interval.swift in Sources */,
				6320700F1E75D34200ACD30B /* ExpressibleByIntervalTuple.swift in Sources */,
				63252D631E5A3BCE00324B66 /* Trigonometry.swift in Sources */,
				632070081E75D31900ACD30B /* AbstractInterval.swift in Sources */,
				63F6872F1E74016800E6CA13 /* AngleError.swift in Sources */,
				63252D611E5A3BCE00324B66 /* Radian.swift in Sources */,
				63252D621E5A3BCE00324B66 /* Radian+Trigonometry.swift in Sources */,
				632070271E75D39200ACD30B /* IntervalBound.swift in Sources */,
				63F687341E7402D700E6CA13 /* ArgumentsChecker.swift in Sources */,
				63252D5F1E5A3BCE00324B66 /* AngleType.swift in Sources */,
			);
			runOnlyForDeploymentPostprocessing = 0;
		};
		63252D371E5A3B7600324B66 /* Sources */ = {
			isa = PBXSourcesBuildPhase;
			buildActionMask = 2147483647;
			files = (
				632070221E75D37400ACD30B /* ExpressibleByRange.swift in Sources */,
				63206FFD1E75D2FE00ACD30B /* IntervalType.swift in Sources */,
				6320701C1E75D36300ACD30B /* ExpressibleByClosedRange.swift in Sources */,
				63252D651E5A3BCE00324B66 /* Angle.swift in Sources */,
				632070161E75D35500ACD30B /* ExpressibleByIntervalArray.swift in Sources */,
				63206FFE1E75D2FE00ACD30B /* IntervalOperators.swift in Sources */,
				63F6873A1E74055400E6CA13 /* TrigonometricArgumentsChecker.swift in Sources */,
				63252D6B1E5A3BCE00324B66 /* GenericTrigonometry.swift in Sources */,
				63252D671E5A3BCE00324B66 /* Degree.swift in Sources */,
				6320703B1E75D4D400ACD30B /* Interval.swift in Sources */,
				632070101E75D34200ACD30B /* ExpressibleByIntervalTuple.swift in Sources */,
				63252D6A1E5A3BCE00324B66 /* Trigonometry.swift in Sources */,
				632070091E75D31E00ACD30B /* AbstractInterval.swift in Sources */,
				63F687301E74016800E6CA13 /* AngleError.swift in Sources */,
				63252D681E5A3BCE00324B66 /* Radian.swift in Sources */,
				63252D691E5A3BCE00324B66 /* Radian+Trigonometry.swift in Sources */,
				632070281E75D39200ACD30B /* IntervalBound.swift in Sources */,
				63F687351E7402D700E6CA13 /* ArgumentsChecker.swift in Sources */,
				63252D661E5A3BCE00324B66 /* AngleType.swift in Sources */,
			);
			runOnlyForDeploymentPostprocessing = 0;
		};
		63252D441E5A3B8800324B66 /* Sources */ = {
			isa = PBXSourcesBuildPhase;
			buildActionMask = 2147483647;
			files = (
				632070231E75D37400ACD30B /* ExpressibleByRange.swift in Sources */,
				63206FFF1E75D2FE00ACD30B /* IntervalType.swift in Sources */,
				6320701D1E75D36300ACD30B /* ExpressibleByClosedRange.swift in Sources */,
				63252D6C1E5A3BCF00324B66 /* Angle.swift in Sources */,
				632070171E75D35500ACD30B /* ExpressibleByIntervalArray.swift in Sources */,
				632070001E75D2FE00ACD30B /* IntervalOperators.swift in Sources */,
				63F6873B1E74055400E6CA13 /* TrigonometricArgumentsChecker.swift in Sources */,
				63252D721E5A3BCF00324B66 /* GenericTrigonometry.swift in Sources */,
				63252D6E1E5A3BCF00324B66 /* Degree.swift in Sources */,
				6320703C1E75D4D400ACD30B /* Interval.swift in Sources */,
				632070111E75D34200ACD30B /* ExpressibleByIntervalTuple.swift in Sources */,
				63252D711E5A3BCF00324B66 /* Trigonometry.swift in Sources */,
				6320700A1E75D31E00ACD30B /* AbstractInterval.swift in Sources */,
				63F687311E74016800E6CA13 /* AngleError.swift in Sources */,
				63252D6F1E5A3BCF00324B66 /* Radian.swift in Sources */,
				63252D701E5A3BCF00324B66 /* Radian+Trigonometry.swift in Sources */,
				632070291E75D39200ACD30B /* IntervalBound.swift in Sources */,
				63F687361E7402D700E6CA13 /* ArgumentsChecker.swift in Sources */,
				63252D6D1E5A3BCF00324B66 /* AngleType.swift in Sources */,
			);
			runOnlyForDeploymentPostprocessing = 0;
		};
		63252D511E5A3BA600324B66 /* Sources */ = {
			isa = PBXSourcesBuildPhase;
			buildActionMask = 2147483647;
			files = (
				632070241E75D37400ACD30B /* ExpressibleByRange.swift in Sources */,
				632070031E75D2FF00ACD30B /* IntervalType.swift in Sources */,
				6320701E1E75D36300ACD30B /* ExpressibleByClosedRange.swift in Sources */,
				63252D731E5A3BCF00324B66 /* Angle.swift in Sources */,
				632070181E75D35500ACD30B /* ExpressibleByIntervalArray.swift in Sources */,
				632070041E75D2FF00ACD30B /* IntervalOperators.swift in Sources */,
				63F6873C1E74055400E6CA13 /* TrigonometricArgumentsChecker.swift in Sources */,
				63252D791E5A3BCF00324B66 /* GenericTrigonometry.swift in Sources */,
				63252D751E5A3BCF00324B66 /* Degree.swift in Sources */,
				6320703D1E75D4D400ACD30B /* Interval.swift in Sources */,
				632070121E75D34200ACD30B /* ExpressibleByIntervalTuple.swift in Sources */,
				63252D781E5A3BCF00324B66 /* Trigonometry.swift in Sources */,
				6320700B1E75D31F00ACD30B /* AbstractInterval.swift in Sources */,
				63F687321E74016800E6CA13 /* AngleError.swift in Sources */,
				63252D761E5A3BCF00324B66 /* Radian.swift in Sources */,
				63252D771E5A3BCF00324B66 /* Radian+Trigonometry.swift in Sources */,
				6320702A1E75D39200ACD30B /* IntervalBound.swift in Sources */,
				63F687371E7402D700E6CA13 /* ArgumentsChecker.swift in Sources */,
				63252D741E5A3BCF00324B66 /* AngleType.swift in Sources */,
			);
			runOnlyForDeploymentPostprocessing = 0;
		};
		639D79FF1E58DAB1008D10EF /* Sources */ = {
			isa = PBXSourcesBuildPhase;
			buildActionMask = 2147483647;
			files = (
				63F6873D1E74318000E6CA13 /* AngleError.swift in Sources */,
				639D7A121E58DB4D008D10EF /* Degree.swift in Sources */,
				632070331E75D3FF00ACD30B /* IntervalTests.swift in Sources */,
				632070191E75D35500ACD30B /* ExpressibleByIntervalArray.swift in Sources */,
				6320703E1E75D4D400ACD30B /* Interval.swift in Sources */,
				6320702B1E75D39200ACD30B /* IntervalBound.swift in Sources */,
				632070131E75D34200ACD30B /* ExpressibleByIntervalTuple.swift in Sources */,
				63F687411E74348100E6CA13 /* ArgumentsCheckerTests.swift in Sources */,
				639D7A101E58DB4D008D10EF /* Angle.swift in Sources */,
				639D7A161E58DE2B008D10EF /* DegreeTests.swift in Sources */,
				63252C761E59CABC00324B66 /* Radian+Trigonometry.swift in Sources */,
				632070051E75D2FF00ACD30B /* IntervalType.swift in Sources */,
				63F7BE2B1E58F84400708BAF /* TrigonometryFunctionsTest.swift in Sources */,
				63F687431E74349200E6CA13 /* TrigonometricArgumentsCheckerTests.swift in Sources */,
				63F6873E1E74318000E6CA13 /* ArgumentsChecker.swift in Sources */,
				639D7A0F1E58DADF008D10EF /* AngleTests.swift in Sources */,
				63252C7C1E59DECE00324B66 /* AngleType.swift in Sources */,
				63F6873F1E74318000E6CA13 /* TrigonometricArgumentsChecker.swift in Sources */,
				63252C701E59AC1A00324B66 /* GenericTrigonometry.swift in Sources */,
				632070061E75D2FF00ACD30B /* IntervalOperators.swift in Sources */,
				639D7A131E58DB4D008D10EF /* Radian.swift in Sources */,
				639D7A181E58F1E6008D10EF /* RadianTests.swift in Sources */,
				632070251E75D37400ACD30B /* ExpressibleByRange.swift in Sources */,
				639D7A141E58DB4D008D10EF /* Trigonometry.swift in Sources */,
				6320700C1E75D31F00ACD30B /* AbstractInterval.swift in Sources */,
				6320701F1E75D36300ACD30B /* ExpressibleByClosedRange.swift in Sources */,
			);
			runOnlyForDeploymentPostprocessing = 0;
		};
/* End PBXSourcesBuildPhase section */

/* Begin XCBuildConfiguration section */
		63252D341E5A3B6500324B66 /* Debug */ = {
			isa = XCBuildConfiguration;
			buildSettings = {
				CODE_SIGN_IDENTITY = "";
				DEFINES_MODULE = YES;
				DYLIB_COMPATIBILITY_VERSION = 1;
				DYLIB_CURRENT_VERSION = 1;
				DYLIB_INSTALL_NAME_BASE = "@rpath";
				INFOPLIST_FILE = DLAngle_iOS/Info.plist;
				INSTALL_PATH = "$(LOCAL_LIBRARY_DIR)/Frameworks";
				IPHONEOS_DEPLOYMENT_TARGET = 9.0;
				LD_RUNPATH_SEARCH_PATHS = "$(inherited) @executable_path/Frameworks @loader_path/Frameworks";
				PRODUCT_BUNDLE_IDENTIFIER = "org.DLAngle-iOS";
				PRODUCT_NAME = "$(TARGET_NAME)";
				SKIP_INSTALL = YES;
				SWIFT_VERSION = 3.0;
			};
			name = Debug;
		};
		63252D351E5A3B6500324B66 /* Release */ = {
			isa = XCBuildConfiguration;
			buildSettings = {
				CODE_SIGN_IDENTITY = "";
				DEFINES_MODULE = YES;
				DYLIB_COMPATIBILITY_VERSION = 1;
				DYLIB_CURRENT_VERSION = 1;
				DYLIB_INSTALL_NAME_BASE = "@rpath";
				INFOPLIST_FILE = DLAngle_iOS/Info.plist;
				INSTALL_PATH = "$(LOCAL_LIBRARY_DIR)/Frameworks";
				IPHONEOS_DEPLOYMENT_TARGET = 9.0;
				LD_RUNPATH_SEARCH_PATHS = "$(inherited) @executable_path/Frameworks @loader_path/Frameworks";
				PRODUCT_BUNDLE_IDENTIFIER = "org.DLAngle-iOS";
				PRODUCT_NAME = "$(TARGET_NAME)";
				SKIP_INSTALL = YES;
				SWIFT_VERSION = 3.0;
			};
			name = Release;
		};
		63252D421E5A3B7600324B66 /* Debug */ = {
			isa = XCBuildConfiguration;
			buildSettings = {
				APPLICATION_EXTENSION_API_ONLY = YES;
				CODE_SIGN_IDENTITY = "";
				DEFINES_MODULE = YES;
				DYLIB_COMPATIBILITY_VERSION = 1;
				DYLIB_CURRENT_VERSION = 1;
				DYLIB_INSTALL_NAME_BASE = "@rpath";
				INFOPLIST_FILE = DLAngle_watchOS/Info.plist;
				INSTALL_PATH = "$(LOCAL_LIBRARY_DIR)/Frameworks";
				LD_RUNPATH_SEARCH_PATHS = "$(inherited) @executable_path/Frameworks @loader_path/Frameworks";
				PRODUCT_BUNDLE_IDENTIFIER = "org.DLAngle-watchOS";
				PRODUCT_NAME = "$(TARGET_NAME)";
				SDKROOT = watchos;
				SKIP_INSTALL = YES;
				SWIFT_VERSION = 3.0;
				TARGETED_DEVICE_FAMILY = 4;
				WATCHOS_DEPLOYMENT_TARGET = 2.0;
			};
			name = Debug;
		};
		63252D431E5A3B7600324B66 /* Release */ = {
			isa = XCBuildConfiguration;
			buildSettings = {
				APPLICATION_EXTENSION_API_ONLY = YES;
				CODE_SIGN_IDENTITY = "";
				DEFINES_MODULE = YES;
				DYLIB_COMPATIBILITY_VERSION = 1;
				DYLIB_CURRENT_VERSION = 1;
				DYLIB_INSTALL_NAME_BASE = "@rpath";
				INFOPLIST_FILE = DLAngle_watchOS/Info.plist;
				INSTALL_PATH = "$(LOCAL_LIBRARY_DIR)/Frameworks";
				LD_RUNPATH_SEARCH_PATHS = "$(inherited) @executable_path/Frameworks @loader_path/Frameworks";
				PRODUCT_BUNDLE_IDENTIFIER = "org.DLAngle-watchOS";
				PRODUCT_NAME = "$(TARGET_NAME)";
				SDKROOT = watchos;
				SKIP_INSTALL = YES;
				SWIFT_VERSION = 3.0;
				TARGETED_DEVICE_FAMILY = 4;
				WATCHOS_DEPLOYMENT_TARGET = 2.0;
			};
			name = Release;
		};
		63252D4F1E5A3B8800324B66 /* Debug */ = {
			isa = XCBuildConfiguration;
			buildSettings = {
				CODE_SIGN_IDENTITY = "";
				DEFINES_MODULE = YES;
				DYLIB_COMPATIBILITY_VERSION = 1;
				DYLIB_CURRENT_VERSION = 1;
				DYLIB_INSTALL_NAME_BASE = "@rpath";
				INFOPLIST_FILE = DLAngle_tvOS/Info.plist;
				INSTALL_PATH = "$(LOCAL_LIBRARY_DIR)/Frameworks";
				LD_RUNPATH_SEARCH_PATHS = "$(inherited) @executable_path/Frameworks @loader_path/Frameworks";
				PRODUCT_BUNDLE_IDENTIFIER = "org.DLAngle-tvOS";
				PRODUCT_NAME = "$(TARGET_NAME)";
				SDKROOT = appletvos;
				SKIP_INSTALL = YES;
				SWIFT_VERSION = 3.0;
				TARGETED_DEVICE_FAMILY = 3;
				TVOS_DEPLOYMENT_TARGET = 9.0;
			};
			name = Debug;
		};
		63252D501E5A3B8800324B66 /* Release */ = {
			isa = XCBuildConfiguration;
			buildSettings = {
				CODE_SIGN_IDENTITY = "";
				DEFINES_MODULE = YES;
				DYLIB_COMPATIBILITY_VERSION = 1;
				DYLIB_CURRENT_VERSION = 1;
				DYLIB_INSTALL_NAME_BASE = "@rpath";
				INFOPLIST_FILE = DLAngle_tvOS/Info.plist;
				INSTALL_PATH = "$(LOCAL_LIBRARY_DIR)/Frameworks";
				LD_RUNPATH_SEARCH_PATHS = "$(inherited) @executable_path/Frameworks @loader_path/Frameworks";
				PRODUCT_BUNDLE_IDENTIFIER = "org.DLAngle-tvOS";
				PRODUCT_NAME = "$(TARGET_NAME)";
				SDKROOT = appletvos;
				SKIP_INSTALL = YES;
				SWIFT_VERSION = 3.0;
				TARGETED_DEVICE_FAMILY = 3;
				TVOS_DEPLOYMENT_TARGET = 9.0;
			};
			name = Release;
		};
		63252D5C1E5A3BA600324B66 /* Debug */ = {
			isa = XCBuildConfiguration;
			buildSettings = {
				CODE_SIGN_IDENTITY = "-";
				COMBINE_HIDPI_IMAGES = YES;
				DEFINES_MODULE = YES;
				DYLIB_COMPATIBILITY_VERSION = 1;
				DYLIB_CURRENT_VERSION = 1;
				DYLIB_INSTALL_NAME_BASE = "@rpath";
				FRAMEWORK_VERSION = A;
				INFOPLIST_FILE = DLAngle_macOS/Info.plist;
				INSTALL_PATH = "$(LOCAL_LIBRARY_DIR)/Frameworks";
				LD_RUNPATH_SEARCH_PATHS = "$(inherited) @executable_path/../Frameworks @loader_path/Frameworks";
				MACOSX_DEPLOYMENT_TARGET = 10.10;
				PRODUCT_BUNDLE_IDENTIFIER = "org.DLAngle-macOS";
				PRODUCT_NAME = "$(TARGET_NAME)";
				SDKROOT = macosx;
				SKIP_INSTALL = YES;
				SWIFT_VERSION = 3.0;
			};
			name = Debug;
		};
		63252D5D1E5A3BA600324B66 /* Release */ = {
			isa = XCBuildConfiguration;
			buildSettings = {
				CODE_SIGN_IDENTITY = "-";
				COMBINE_HIDPI_IMAGES = YES;
				DEFINES_MODULE = YES;
				DYLIB_COMPATIBILITY_VERSION = 1;
				DYLIB_CURRENT_VERSION = 1;
				DYLIB_INSTALL_NAME_BASE = "@rpath";
				FRAMEWORK_VERSION = A;
				INFOPLIST_FILE = DLAngle_macOS/Info.plist;
				INSTALL_PATH = "$(LOCAL_LIBRARY_DIR)/Frameworks";
				LD_RUNPATH_SEARCH_PATHS = "$(inherited) @executable_path/../Frameworks @loader_path/Frameworks";
				MACOSX_DEPLOYMENT_TARGET = 10.10;
				PRODUCT_BUNDLE_IDENTIFIER = "org.DLAngle-macOS";
				PRODUCT_NAME = "$(TARGET_NAME)";
				SDKROOT = macosx;
				SKIP_INSTALL = YES;
				SWIFT_VERSION = 3.0;
			};
			name = Release;
		};
		639D79421E588865008D10EF /* Debug */ = {
			isa = XCBuildConfiguration;
			buildSettings = {
				ALWAYS_SEARCH_USER_PATHS = NO;
				CLANG_ANALYZER_NONNULL = YES;
				CLANG_CXX_LANGUAGE_STANDARD = "gnu++0x";
				CLANG_CXX_LIBRARY = "libc++";
				CLANG_ENABLE_MODULES = YES;
				CLANG_ENABLE_OBJC_ARC = YES;
				CLANG_WARN_BOOL_CONVERSION = YES;
				CLANG_WARN_CONSTANT_CONVERSION = YES;
				CLANG_WARN_DIRECT_OBJC_ISA_USAGE = YES_ERROR;
				CLANG_WARN_DOCUMENTATION_COMMENTS = YES;
				CLANG_WARN_EMPTY_BODY = YES;
				CLANG_WARN_ENUM_CONVERSION = YES;
				CLANG_WARN_INFINITE_RECURSION = YES;
				CLANG_WARN_INT_CONVERSION = YES;
				CLANG_WARN_OBJC_ROOT_CLASS = YES_ERROR;
				CLANG_WARN_SUSPICIOUS_MOVE = YES;
				CLANG_WARN_UNREACHABLE_CODE = YES;
				CLANG_WARN__DUPLICATE_METHOD_MATCH = YES;
				"CODE_SIGN_IDENTITY[sdk=iphoneos*]" = "iPhone Developer";
				COPY_PHASE_STRIP = NO;
				CURRENT_PROJECT_VERSION = 1;
				DEBUG_INFORMATION_FORMAT = dwarf;
				ENABLE_STRICT_OBJC_MSGSEND = YES;
				ENABLE_TESTABILITY = YES;
				GCC_C_LANGUAGE_STANDARD = gnu99;
				GCC_DYNAMIC_NO_PIC = NO;
				GCC_NO_COMMON_BLOCKS = YES;
				GCC_OPTIMIZATION_LEVEL = 0;
				GCC_PREPROCESSOR_DEFINITIONS = (
					"DEBUG=1",
					"$(inherited)",
				);
				GCC_WARN_64_TO_32_BIT_CONVERSION = YES;
				GCC_WARN_ABOUT_RETURN_TYPE = YES_ERROR;
				GCC_WARN_UNDECLARED_SELECTOR = YES;
				GCC_WARN_UNINITIALIZED_AUTOS = YES_AGGRESSIVE;
				GCC_WARN_UNUSED_FUNCTION = YES;
				GCC_WARN_UNUSED_VARIABLE = YES;
				IPHONEOS_DEPLOYMENT_TARGET = 10.2;
				MTL_ENABLE_DEBUG_INFO = YES;
				ONLY_ACTIVE_ARCH = YES;
				SDKROOT = iphoneos;
				SWIFT_ACTIVE_COMPILATION_CONDITIONS = DEBUG;
				SWIFT_OPTIMIZATION_LEVEL = "-Onone";
				TARGETED_DEVICE_FAMILY = "1,2";
				VERSIONING_SYSTEM = "apple-generic";
				VERSION_INFO_PREFIX = "";
			};
			name = Debug;
		};
		639D79431E588865008D10EF /* Release */ = {
			isa = XCBuildConfiguration;
			buildSettings = {
				ALWAYS_SEARCH_USER_PATHS = NO;
				CLANG_ANALYZER_NONNULL = YES;
				CLANG_CXX_LANGUAGE_STANDARD = "gnu++0x";
				CLANG_CXX_LIBRARY = "libc++";
				CLANG_ENABLE_MODULES = YES;
				CLANG_ENABLE_OBJC_ARC = YES;
				CLANG_WARN_BOOL_CONVERSION = YES;
				CLANG_WARN_CONSTANT_CONVERSION = YES;
				CLANG_WARN_DIRECT_OBJC_ISA_USAGE = YES_ERROR;
				CLANG_WARN_DOCUMENTATION_COMMENTS = YES;
				CLANG_WARN_EMPTY_BODY = YES;
				CLANG_WARN_ENUM_CONVERSION = YES;
				CLANG_WARN_INFINITE_RECURSION = YES;
				CLANG_WARN_INT_CONVERSION = YES;
				CLANG_WARN_OBJC_ROOT_CLASS = YES_ERROR;
				CLANG_WARN_SUSPICIOUS_MOVE = YES;
				CLANG_WARN_UNREACHABLE_CODE = YES;
				CLANG_WARN__DUPLICATE_METHOD_MATCH = YES;
				"CODE_SIGN_IDENTITY[sdk=iphoneos*]" = "iPhone Developer";
				COPY_PHASE_STRIP = NO;
				CURRENT_PROJECT_VERSION = 1;
				DEBUG_INFORMATION_FORMAT = "dwarf-with-dsym";
				ENABLE_NS_ASSERTIONS = NO;
				ENABLE_STRICT_OBJC_MSGSEND = YES;
				GCC_C_LANGUAGE_STANDARD = gnu99;
				GCC_NO_COMMON_BLOCKS = YES;
				GCC_WARN_64_TO_32_BIT_CONVERSION = YES;
				GCC_WARN_ABOUT_RETURN_TYPE = YES_ERROR;
				GCC_WARN_UNDECLARED_SELECTOR = YES;
				GCC_WARN_UNINITIALIZED_AUTOS = YES_AGGRESSIVE;
				GCC_WARN_UNUSED_FUNCTION = YES;
				GCC_WARN_UNUSED_VARIABLE = YES;
				IPHONEOS_DEPLOYMENT_TARGET = 10.2;
				MTL_ENABLE_DEBUG_INFO = NO;
				SDKROOT = iphoneos;
				SWIFT_OPTIMIZATION_LEVEL = "-Owholemodule";
				TARGETED_DEVICE_FAMILY = "1,2";
				VALIDATE_PRODUCT = YES;
				VERSIONING_SYSTEM = "apple-generic";
				VERSION_INFO_PREFIX = "";
			};
			name = Release;
		};
		639D7A0C1E58DAB2008D10EF /* Debug */ = {
			isa = XCBuildConfiguration;
			buildSettings = {
				INFOPLIST_FILE = DLAngleiOSTests/Info.plist;
				LD_RUNPATH_SEARCH_PATHS = "$(inherited) @executable_path/Frameworks @loader_path/Frameworks";
				PRODUCT_BUNDLE_IDENTIFIER = org.DLAngleiOSTests;
				PRODUCT_NAME = "$(TARGET_NAME)";
				SWIFT_VERSION = 3.0;
			};
			name = Debug;
		};
		639D7A0D1E58DAB2008D10EF /* Release */ = {
			isa = XCBuildConfiguration;
			buildSettings = {
				INFOPLIST_FILE = DLAngleiOSTests/Info.plist;
				LD_RUNPATH_SEARCH_PATHS = "$(inherited) @executable_path/Frameworks @loader_path/Frameworks";
				PRODUCT_BUNDLE_IDENTIFIER = org.DLAngleiOSTests;
				PRODUCT_NAME = "$(TARGET_NAME)";
				SWIFT_VERSION = 3.0;
			};
			name = Release;
		};
/* End XCBuildConfiguration section */

/* Begin XCConfigurationList section */
		63252D361E5A3B6500324B66 /* Build configuration list for PBXNativeTarget "DLAngle_iOS" */ = {
			isa = XCConfigurationList;
			buildConfigurations = (
				63252D341E5A3B6500324B66 /* Debug */,
				63252D351E5A3B6500324B66 /* Release */,
			);
			defaultConfigurationIsVisible = 0;
			defaultConfigurationName = Release;
		};
		63252D411E5A3B7600324B66 /* Build configuration list for PBXNativeTarget "DLAngle_watchOS" */ = {
			isa = XCConfigurationList;
			buildConfigurations = (
				63252D421E5A3B7600324B66 /* Debug */,
				63252D431E5A3B7600324B66 /* Release */,
			);
			defaultConfigurationIsVisible = 0;
			defaultConfigurationName = Release;
		};
		63252D4E1E5A3B8800324B66 /* Build configuration list for PBXNativeTarget "DLAngle_tvOS" */ = {
			isa = XCConfigurationList;
			buildConfigurations = (
				63252D4F1E5A3B8800324B66 /* Debug */,
				63252D501E5A3B8800324B66 /* Release */,
			);
			defaultConfigurationIsVisible = 0;
			defaultConfigurationName = Release;
		};
		63252D5B1E5A3BA600324B66 /* Build configuration list for PBXNativeTarget "DLAngle_macOS" */ = {
			isa = XCConfigurationList;
			buildConfigurations = (
				63252D5C1E5A3BA600324B66 /* Debug */,
				63252D5D1E5A3BA600324B66 /* Release */,
			);
			defaultConfigurationIsVisible = 0;
			defaultConfigurationName = Release;
		};
		639D79361E588865008D10EF /* Build configuration list for PBXProject "DLAngle" */ = {
			isa = XCConfigurationList;
			buildConfigurations = (
				639D79421E588865008D10EF /* Debug */,
				639D79431E588865008D10EF /* Release */,
			);
			defaultConfigurationIsVisible = 0;
			defaultConfigurationName = Release;
		};
		639D7A0B1E58DAB2008D10EF /* Build configuration list for PBXNativeTarget "DLAngleiOSTests" */ = {
			isa = XCConfigurationList;
			buildConfigurations = (
				639D7A0C1E58DAB2008D10EF /* Debug */,
				639D7A0D1E58DAB2008D10EF /* Release */,
			);
			defaultConfigurationIsVisible = 0;
			defaultConfigurationName = Release;
		};
/* End XCConfigurationList section */
	};
	rootObject = 639D79331E588865008D10EF /* Project object */;
}
